// !$*UTF8*$!
{
	archiveVersion = 1;
	classes = {
	};
	objectVersion = 46;
	objects = {

/* Begin PBXBuildFile section */
		45073E561E7C054E00D3AEA0 /* LICENSE-Keychain in Resources */ = {isa = PBXBuildFile; fileRef = 45073E551E7C054E00D3AEA0 /* LICENSE-Keychain */; };
		4517CC251FEC471E00619A3D /* SSACore.framework in Frameworks */ = {isa = PBXBuildFile; fileRef = 4517CC1C1FEC471E00619A3D /* SSACore.framework */; };
		454E605B1FE5654500178CF6 /* Attributions.swift in Sources */ = {isa = PBXBuildFile; fileRef = 454E605A1FE5654500178CF6 /* Attributions.swift */; };
		455CD1791E7D5FE9004FE1A8 /* SymondsStudentAppUITests.swift in Sources */ = {isa = PBXBuildFile; fileRef = 455CD1781E7D5FE9004FE1A8 /* SymondsStudentAppUITests.swift */; };
		455E93CE1FCA0C6200D3D046 /* Main.storyboard in Resources */ = {isa = PBXBuildFile; fileRef = 455E93C81FCA0C4200D3D046 /* Main.storyboard */; };
		455E93CF1FCA0C6200D3D046 /* LaunchScreen.storyboard in Resources */ = {isa = PBXBuildFile; fileRef = 455E93CA1FCA0C4200D3D046 /* LaunchScreen.storyboard */; };
		455E93F61FCA111300D3D046 /* SplashViewController.swift in Sources */ = {isa = PBXBuildFile; fileRef = 455E93EE1FCA111300D3D046 /* SplashViewController.swift */; };
		455E93F71FCA111300D3D046 /* LoginViewController.swift in Sources */ = {isa = PBXBuildFile; fileRef = 455E93EF1FCA111300D3D046 /* LoginViewController.swift */; };
		455E93F81FCA111300D3D046 /* AppDelegate.swift in Sources */ = {isa = PBXBuildFile; fileRef = 455E93F01FCA111300D3D046 /* AppDelegate.swift */; };
		455E94001FCA11E300D3D046 /* NotificationCenter.framework in Frameworks */ = {isa = PBXBuildFile; fileRef = 455E93B51FCA06A600D3D046 /* NotificationCenter.framework */; };
		455E940A1FCA11E300D3D046 /* TimetableTodayExtension.appex in Embed App Extensions */ = {isa = PBXBuildFile; fileRef = 455E93FF1FCA11E300D3D046 /* TimetableTodayExtension.appex */; settings = {ATTRIBUTES = (RemoveHeadersOnCopy, ); }; };
		455E94131FCA121800D3D046 /* TodayViewController.swift in Sources */ = {isa = PBXBuildFile; fileRef = 455E94121FCA121800D3D046 /* TodayViewController.swift */; };
		455E94171FCA122C00D3D046 /* MainInterface.storyboard in Resources */ = {isa = PBXBuildFile; fileRef = 455E94151FCA122C00D3D046 /* MainInterface.storyboard */; };
		455E941E1FCA16F200D3D046 /* NotificationCenter.framework in Frameworks */ = {isa = PBXBuildFile; fileRef = 455E93B51FCA06A600D3D046 /* NotificationCenter.framework */; };
		455E94281FCA16F200D3D046 /* FreeRoomsTodayExtension.appex in Embed App Extensions */ = {isa = PBXBuildFile; fileRef = 455E941D1FCA16F200D3D046 /* FreeRoomsTodayExtension.appex */; settings = {ATTRIBUTES = (RemoveHeadersOnCopy, ); }; };
		455E943B1FCA176800D3D046 /* MainInterface.storyboard in Resources */ = {isa = PBXBuildFile; fileRef = 455E94391FCA176800D3D046 /* MainInterface.storyboard */; };
		455E943E1FCA178100D3D046 /* TodayViewController.swift in Sources */ = {isa = PBXBuildFile; fileRef = 455E943D1FCA178100D3D046 /* TodayViewController.swift */; };
		4568FF8C1FCC423C00E08D4B /* TimetableViewController.swift in Sources */ = {isa = PBXBuildFile; fileRef = 4568FF8B1FCC423C00E08D4B /* TimetableViewController.swift */; };
		4568FF901FCC433200E08D4B /* TimetableTableViewCell.swift in Sources */ = {isa = PBXBuildFile; fileRef = 4568FF8F1FCC433200E08D4B /* TimetableTableViewCell.swift */; };
		457C52EE1FEC496100A472E6 /* SSACore.framework in Frameworks */ = {isa = PBXBuildFile; fileRef = 4517CC1C1FEC471E00619A3D /* SSACore.framework */; };
		457C52EF1FEC496100A472E6 /* SSACore.framework in Embed Frameworks */ = {isa = PBXBuildFile; fileRef = 4517CC1C1FEC471E00619A3D /* SSACore.framework */; settings = {ATTRIBUTES = (CodeSignOnCopy, RemoveHeadersOnCopy, ); }; };
		457C52F31FEC49FB00A472E6 /* DataService.swift in Sources */ = {isa = PBXBuildFile; fileRef = 455E93EB1FCA111300D3D046 /* DataService.swift */; };
		457C52F51FEC4A0100A472E6 /* TimetableItem.swift in Sources */ = {isa = PBXBuildFile; fileRef = 4568FF911FCC434F00E08D4B /* TimetableItem.swift */; };
		457C52F61FEC4A0700A472E6 /* Day.swift in Sources */ = {isa = PBXBuildFile; fileRef = 454E605C1FE58A5700178CF6 /* Day.swift */; };
		457C52F71FEC4A2200A472E6 /* ExampleProviding.swift in Sources */ = {isa = PBXBuildFile; fileRef = 454818361FE55C8700041617 /* ExampleProviding.swift */; };
		457C52F81FEC4A2200A472E6 /* CounterexampleProviding.swift in Sources */ = {isa = PBXBuildFile; fileRef = 454E60561FE562F900178CF6 /* CounterexampleProviding.swift */; };
		457C52F91FEC4A2200A472E6 /* CalendarProtocol.swift in Sources */ = {isa = PBXBuildFile; fileRef = 45A873881FE596F7006E3DE6 /* CalendarProtocol.swift */; };
		457C52FA1FEC4A3C00A472E6 /* TimetableItem+ExampleProviding.swift in Sources */ = {isa = PBXBuildFile; fileRef = 454818381FE55CF200041617 /* TimetableItem+ExampleProviding.swift */; };
		457C52FB1FEC4A3C00A472E6 /* TimetableItem+CounterexampleProviding.swift in Sources */ = {isa = PBXBuildFile; fileRef = 454E60581FE5635800178CF6 /* TimetableItem+CounterexampleProviding.swift */; };
		457C52FC1FEC4A3C00A472E6 /* URLRequest.swift in Sources */ = {isa = PBXBuildFile; fileRef = 455E93EA1FCA111300D3D046 /* URLRequest.swift */; };
		457C52FD1FEC4A3C00A472E6 /* URLComponents.swift in Sources */ = {isa = PBXBuildFile; fileRef = 455E93E91FCA111300D3D046 /* URLComponents.swift */; };
		457C52FE1FEC4A3C00A472E6 /* Calendar+CalendarProtocol.swift in Sources */ = {isa = PBXBuildFile; fileRef = 45A8738A1FE59703006E3DE6 /* Calendar+CalendarProtocol.swift */; };
		457C52FF1FEC4A8F00A472E6 /* KeychainConfiguration.swift in Sources */ = {isa = PBXBuildFile; fileRef = 455E93EC1FCA111300D3D046 /* KeychainConfiguration.swift */; };
		457C53001FEC4A8F00A472E6 /* KeychainPasswordItem.swift in Sources */ = {isa = PBXBuildFile; fileRef = 455E93ED1FCA111300D3D046 /* KeychainPasswordItem.swift */; };
		457C53041FEC4ACE00A472E6 /* TimetableItemTests.swift in Sources */ = {isa = PBXBuildFile; fileRef = 4568FF931FCC7EB400E08D4B /* TimetableItemTests.swift */; };
		457C53051FEC4ACE00A472E6 /* DayTests.swift in Sources */ = {isa = PBXBuildFile; fileRef = 45A873861FE59603006E3DE6 /* DayTests.swift */; };
		457C53061FEC4ACE00A472E6 /* LoginServiceTests.swift in Sources */ = {isa = PBXBuildFile; fileRef = 4517CBE91FEC2D9300619A3D /* LoginServiceTests.swift */; };
		457C53071FEC4BF500A472E6 /* SymondsStudentAppTests.swift in Sources */ = {isa = PBXBuildFile; fileRef = 4591030B1FEC48DF00389DC8 /* SymondsStudentAppTests.swift */; };
		457C530A1FEC9B6F00A472E6 /* SSACore.framework in Frameworks */ = {isa = PBXBuildFile; fileRef = 4517CC1C1FEC471E00619A3D /* SSACore.framework */; };
		457C530B1FEC9B8B00A472E6 /* SSACore.framework in Frameworks */ = {isa = PBXBuildFile; fileRef = 4517CC1C1FEC471E00619A3D /* SSACore.framework */; };
		457C53171FEC9E5E00A472E6 /* CloudKit.framework in Frameworks */ = {isa = PBXBuildFile; fileRef = 457C53161FEC9E5E00A472E6 /* CloudKit.framework */; };
		457C532A1FECA83300A472E6 /* DataService+LoginService.swift in Sources */ = {isa = PBXBuildFile; fileRef = 457C53291FECA83300A472E6 /* DataService+LoginService.swift */; };
		458D38001FE846C900797D97 /* WatchExtension.appex in Embed App Extensions */ = {isa = PBXBuildFile; fileRef = 458D37FF1FE846C900797D97 /* WatchExtension.appex */; settings = {ATTRIBUTES = (RemoveHeadersOnCopy, ); }; };
		458D38121FE846C900797D97 /* WatchApp.app in Embed Watch Content */ = {isa = PBXBuildFile; fileRef = 458D37F31FE846C800797D97 /* WatchApp.app */; };
		458D38241FE8494B00797D97 /* WatchApp.xcassets in Resources */ = {isa = PBXBuildFile; fileRef = 458D38211FE8494100797D97 /* WatchApp.xcassets */; };
		458D38251FE8494E00797D97 /* Interface.storyboard in Resources */ = {isa = PBXBuildFile; fileRef = 458D38221FE8494100797D97 /* Interface.storyboard */; };
		458D38261FE8495000797D97 /* PushNotificationPayload.apns in Resources */ = {isa = PBXBuildFile; fileRef = 458D381E1FE8494100797D97 /* PushNotificationPayload.apns */; };
		458D38271FE8495400797D97 /* WatchExtension.xcassets in Resources */ = {isa = PBXBuildFile; fileRef = 458D381F1FE8494100797D97 /* WatchExtension.xcassets */; };
		458D382D1FE8498100797D97 /* ComplicationController.swift in Sources */ = {isa = PBXBuildFile; fileRef = 458D38291FE8498000797D97 /* ComplicationController.swift */; };
		458D382F1FE8498100797D97 /* NotificationController.swift in Sources */ = {isa = PBXBuildFile; fileRef = 458D382B1FE8498000797D97 /* NotificationController.swift */; };
		458D38301FE8498100797D97 /* ExtensionDelegate.swift in Sources */ = {isa = PBXBuildFile; fileRef = 458D382C1FE8498000797D97 /* ExtensionDelegate.swift */; };
		458D38321FE8540F00797D97 /* MainInterfaceController.swift in Sources */ = {isa = PBXBuildFile; fileRef = 458D38311FE8540F00797D97 /* MainInterfaceController.swift */; };
		459103121FEC48EF00389DC8 /* SSACore.h in Headers */ = {isa = PBXBuildFile; fileRef = 459103101FEC48EF00389DC8 /* SSACore.h */; settings = {ATTRIBUTES = (Public, ); }; };
		45AFDD611E785C5C003D0618 /* SymondsStudentApp.xcassets in Resources */ = {isa = PBXBuildFile; fileRef = 45AFDD601E785C5C003D0618 /* SymondsStudentApp.xcassets */; };
/* End PBXBuildFile section */

/* Begin PBXContainerItemProxy section */
		4517CC261FEC471E00619A3D /* PBXContainerItemProxy */ = {
			isa = PBXContainerItemProxy;
			containerPortal = 45AFDD4E1E785C5C003D0618 /* Project object */;
			proxyType = 1;
			remoteGlobalIDString = 4517CC1B1FEC471E00619A3D;
			remoteInfo = SSACore;
		};
		455E94081FCA11E300D3D046 /* PBXContainerItemProxy */ = {
			isa = PBXContainerItemProxy;
			containerPortal = 45AFDD4E1E785C5C003D0618 /* Project object */;
			proxyType = 1;
			remoteGlobalIDString = 455E93FE1FCA11E300D3D046;
			remoteInfo = TimetableTodayExtension;
		};
		455E94261FCA16F200D3D046 /* PBXContainerItemProxy */ = {
			isa = PBXContainerItemProxy;
			containerPortal = 45AFDD4E1E785C5C003D0618 /* Project object */;
			proxyType = 1;
			remoteGlobalIDString = 455E941C1FCA16F200D3D046;
			remoteInfo = FreeRoomsTodayExtension;
		};
		457C52F01FEC496100A472E6 /* PBXContainerItemProxy */ = {
			isa = PBXContainerItemProxy;
			containerPortal = 45AFDD4E1E785C5C003D0618 /* Project object */;
			proxyType = 1;
			remoteGlobalIDString = 4517CC1B1FEC471E00619A3D;
			remoteInfo = SSACore;
		};
		458D38011FE846C900797D97 /* PBXContainerItemProxy */ = {
			isa = PBXContainerItemProxy;
			containerPortal = 45AFDD4E1E785C5C003D0618 /* Project object */;
			proxyType = 1;
			remoteGlobalIDString = 458D37FE1FE846C900797D97;
			remoteInfo = "WatchApp Extension";
		};
		458D38101FE846C900797D97 /* PBXContainerItemProxy */ = {
			isa = PBXContainerItemProxy;
			containerPortal = 45AFDD4E1E785C5C003D0618 /* Project object */;
			proxyType = 1;
			remoteGlobalIDString = 458D37F21FE846C800797D97;
			remoteInfo = WatchApp;
		};
		45AFDD6B1E785C5C003D0618 /* PBXContainerItemProxy */ = {
			isa = PBXContainerItemProxy;
			containerPortal = 45AFDD4E1E785C5C003D0618 /* Project object */;
			proxyType = 1;
			remoteGlobalIDString = 45AFDD551E785C5C003D0618;
			remoteInfo = SymondsStudentApp;
		};
		45AFDD761E785C5C003D0618 /* PBXContainerItemProxy */ = {
			isa = PBXContainerItemProxy;
			containerPortal = 45AFDD4E1E785C5C003D0618 /* Project object */;
			proxyType = 1;
			remoteGlobalIDString = 45AFDD551E785C5C003D0618;
			remoteInfo = SymondsStudentApp;
		};
/* End PBXContainerItemProxy section */

/* Begin PBXCopyFilesBuildPhase section */
		455E93C41FCA06A600D3D046 /* Embed App Extensions */ = {
			isa = PBXCopyFilesBuildPhase;
			buildActionMask = 2147483647;
			dstPath = "";
			dstSubfolderSpec = 13;
			files = (
				455E940A1FCA11E300D3D046 /* TimetableTodayExtension.appex in Embed App Extensions */,
				455E94281FCA16F200D3D046 /* FreeRoomsTodayExtension.appex in Embed App Extensions */,
			);
			name = "Embed App Extensions";
			runOnlyForDeploymentPostprocessing = 0;
		};
		457C52F21FEC496100A472E6 /* Embed Frameworks */ = {
			isa = PBXCopyFilesBuildPhase;
			buildActionMask = 2147483647;
			dstPath = "";
			dstSubfolderSpec = 10;
			files = (
				457C52EF1FEC496100A472E6 /* SSACore.framework in Embed Frameworks */,
			);
			name = "Embed Frameworks";
			runOnlyForDeploymentPostprocessing = 0;
		};
		458D38181FE846C900797D97 /* Embed App Extensions */ = {
			isa = PBXCopyFilesBuildPhase;
			buildActionMask = 2147483647;
			dstPath = "";
			dstSubfolderSpec = 13;
			files = (
				458D38001FE846C900797D97 /* WatchExtension.appex in Embed App Extensions */,
			);
			name = "Embed App Extensions";
			runOnlyForDeploymentPostprocessing = 0;
		};
		458D381A1FE846C900797D97 /* Embed Watch Content */ = {
			isa = PBXCopyFilesBuildPhase;
			buildActionMask = 2147483647;
			dstPath = "$(CONTENTS_FOLDER_PATH)/Watch";
			dstSubfolderSpec = 16;
			files = (
				458D38121FE846C900797D97 /* WatchApp.app in Embed Watch Content */,
			);
			name = "Embed Watch Content";
			runOnlyForDeploymentPostprocessing = 0;
		};
/* End PBXCopyFilesBuildPhase section */

/* Begin PBXFileReference section */
		45073E551E7C054E00D3AEA0 /* LICENSE-Keychain */ = {isa = PBXFileReference; fileEncoding = 4; lastKnownFileType = text; path = "LICENSE-Keychain"; sourceTree = "<group>"; };
		4517CBE91FEC2D9300619A3D /* LoginServiceTests.swift */ = {isa = PBXFileReference; lastKnownFileType = sourcecode.swift; path = LoginServiceTests.swift; sourceTree = "<group>"; };
		4517CC1C1FEC471E00619A3D /* SSACore.framework */ = {isa = PBXFileReference; explicitFileType = wrapper.framework; includeInIndex = 0; path = SSACore.framework; sourceTree = BUILT_PRODUCTS_DIR; };
		4517CC241FEC471E00619A3D /* SSACoreTests.xctest */ = {isa = PBXFileReference; explicitFileType = wrapper.cfbundle; includeInIndex = 0; path = SSACoreTests.xctest; sourceTree = BUILT_PRODUCTS_DIR; };
		454458091FE9CB1B00FBDAEB /* Makefile */ = {isa = PBXFileReference; lastKnownFileType = sourcecode.make; path = Makefile; sourceTree = "<group>"; };
		454818361FE55C8700041617 /* ExampleProviding.swift */ = {isa = PBXFileReference; lastKnownFileType = sourcecode.swift; path = ExampleProviding.swift; sourceTree = "<group>"; };
		454818381FE55CF200041617 /* TimetableItem+ExampleProviding.swift */ = {isa = PBXFileReference; lastKnownFileType = sourcecode.swift; path = "TimetableItem+ExampleProviding.swift"; sourceTree = "<group>"; };
		454E60561FE562F900178CF6 /* CounterexampleProviding.swift */ = {isa = PBXFileReference; lastKnownFileType = sourcecode.swift; path = CounterexampleProviding.swift; sourceTree = "<group>"; };
		454E60581FE5635800178CF6 /* TimetableItem+CounterexampleProviding.swift */ = {isa = PBXFileReference; lastKnownFileType = sourcecode.swift; path = "TimetableItem+CounterexampleProviding.swift"; sourceTree = "<group>"; };
		454E605A1FE5654500178CF6 /* Attributions.swift */ = {isa = PBXFileReference; lastKnownFileType = sourcecode.swift; path = Attributions.swift; sourceTree = "<group>"; };
		454E605C1FE58A5700178CF6 /* Day.swift */ = {isa = PBXFileReference; lastKnownFileType = sourcecode.swift; path = Day.swift; sourceTree = "<group>"; };
		455CD1781E7D5FE9004FE1A8 /* SymondsStudentAppUITests.swift */ = {isa = PBXFileReference; fileEncoding = 4; lastKnownFileType = sourcecode.swift; path = SymondsStudentAppUITests.swift; sourceTree = "<group>"; };
		455E93B51FCA06A600D3D046 /* NotificationCenter.framework */ = {isa = PBXFileReference; lastKnownFileType = wrapper.framework; name = NotificationCenter.framework; path = System/Library/Frameworks/NotificationCenter.framework; sourceTree = SDKROOT; };
		455E93C91FCA0C4200D3D046 /* Base */ = {isa = PBXFileReference; lastKnownFileType = file.storyboard; name = Base; path = Base.lproj/Main.storyboard; sourceTree = "<group>"; };
		455E93CB1FCA0C4200D3D046 /* Base */ = {isa = PBXFileReference; lastKnownFileType = file.storyboard; name = Base; path = Base.lproj/LaunchScreen.storyboard; sourceTree = "<group>"; };
		455E93E91FCA111300D3D046 /* URLComponents.swift */ = {isa = PBXFileReference; fileEncoding = 4; lastKnownFileType = sourcecode.swift; path = URLComponents.swift; sourceTree = "<group>"; };
		455E93EA1FCA111300D3D046 /* URLRequest.swift */ = {isa = PBXFileReference; fileEncoding = 4; lastKnownFileType = sourcecode.swift; path = URLRequest.swift; sourceTree = "<group>"; };
		455E93EB1FCA111300D3D046 /* DataService.swift */ = {isa = PBXFileReference; fileEncoding = 4; lastKnownFileType = sourcecode.swift; path = DataService.swift; sourceTree = "<group>"; };
		455E93EC1FCA111300D3D046 /* KeychainConfiguration.swift */ = {isa = PBXFileReference; fileEncoding = 4; lastKnownFileType = sourcecode.swift; path = KeychainConfiguration.swift; sourceTree = "<group>"; };
		455E93ED1FCA111300D3D046 /* KeychainPasswordItem.swift */ = {isa = PBXFileReference; fileEncoding = 4; lastKnownFileType = sourcecode.swift; path = KeychainPasswordItem.swift; sourceTree = "<group>"; };
		455E93EE1FCA111300D3D046 /* SplashViewController.swift */ = {isa = PBXFileReference; fileEncoding = 4; lastKnownFileType = sourcecode.swift; path = SplashViewController.swift; sourceTree = "<group>"; };
		455E93EF1FCA111300D3D046 /* LoginViewController.swift */ = {isa = PBXFileReference; fileEncoding = 4; lastKnownFileType = sourcecode.swift; path = LoginViewController.swift; sourceTree = "<group>"; };
		455E93F01FCA111300D3D046 /* AppDelegate.swift */ = {isa = PBXFileReference; fileEncoding = 4; lastKnownFileType = sourcecode.swift; path = AppDelegate.swift; sourceTree = "<group>"; };
		455E93FF1FCA11E300D3D046 /* TimetableTodayExtension.appex */ = {isa = PBXFileReference; explicitFileType = "wrapper.app-extension"; includeInIndex = 0; path = TimetableTodayExtension.appex; sourceTree = BUILT_PRODUCTS_DIR; };
		455E94121FCA121800D3D046 /* TodayViewController.swift */ = {isa = PBXFileReference; fileEncoding = 4; lastKnownFileType = sourcecode.swift; path = TodayViewController.swift; sourceTree = "<group>"; };
		455E94161FCA122C00D3D046 /* Base */ = {isa = PBXFileReference; lastKnownFileType = file.storyboard; name = Base; path = Base.lproj/MainInterface.storyboard; sourceTree = "<group>"; };
		455E94181FCA126D00D3D046 /* Info-TimetableTodayExtension.plist */ = {isa = PBXFileReference; lastKnownFileType = text.plist.xml; path = "Info-TimetableTodayExtension.plist"; sourceTree = "<group>"; };
		455E941D1FCA16F200D3D046 /* FreeRoomsTodayExtension.appex */ = {isa = PBXFileReference; explicitFileType = "wrapper.app-extension"; includeInIndex = 0; path = FreeRoomsTodayExtension.appex; sourceTree = BUILT_PRODUCTS_DIR; };
		455E943A1FCA176800D3D046 /* Base */ = {isa = PBXFileReference; lastKnownFileType = file.storyboard; name = Base; path = Base.lproj/MainInterface.storyboard; sourceTree = "<group>"; };
		455E943D1FCA178100D3D046 /* TodayViewController.swift */ = {isa = PBXFileReference; fileEncoding = 4; lastKnownFileType = sourcecode.swift; path = TodayViewController.swift; sourceTree = "<group>"; };
		455E943F1FCA178A00D3D046 /* Info-FreeRoomsTodayExtension.plist */ = {isa = PBXFileReference; lastKnownFileType = text.plist.xml; path = "Info-FreeRoomsTodayExtension.plist"; sourceTree = "<group>"; };
		4568FF8B1FCC423C00E08D4B /* TimetableViewController.swift */ = {isa = PBXFileReference; lastKnownFileType = sourcecode.swift; path = TimetableViewController.swift; sourceTree = "<group>"; };
		4568FF8F1FCC433200E08D4B /* TimetableTableViewCell.swift */ = {isa = PBXFileReference; lastKnownFileType = sourcecode.swift; path = TimetableTableViewCell.swift; sourceTree = "<group>"; };
		4568FF911FCC434F00E08D4B /* TimetableItem.swift */ = {isa = PBXFileReference; lastKnownFileType = sourcecode.swift; path = TimetableItem.swift; sourceTree = "<group>"; };
		4568FF931FCC7EB400E08D4B /* TimetableItemTests.swift */ = {isa = PBXFileReference; lastKnownFileType = sourcecode.swift; path = TimetableItemTests.swift; sourceTree = "<group>"; };
		457C53121FEC9BEA00A472E6 /* Matchfile */ = {isa = PBXFileReference; lastKnownFileType = text; path = Matchfile; sourceTree = "<group>"; xcLanguageSpecificationIdentifier = xcode.lang.ruby; };
		457C53161FEC9E5E00A472E6 /* CloudKit.framework */ = {isa = PBXFileReference; lastKnownFileType = wrapper.framework; name = CloudKit.framework; path = System/Library/Frameworks/CloudKit.framework; sourceTree = SDKROOT; };
		457C53181FECA0A700A472E6 /* SymondsStudentApp.entitlements */ = {isa = PBXFileReference; lastKnownFileType = text.plist.entitlements; path = SymondsStudentApp.entitlements; sourceTree = "<group>"; };
		457C53191FECA0B600A472E6 /* Gemfile */ = {isa = PBXFileReference; lastKnownFileType = text; path = Gemfile; sourceTree = "<group>"; };
		457C531A1FECA0C200A472E6 /* LICENSE */ = {isa = PBXFileReference; lastKnownFileType = text; path = LICENSE; sourceTree = "<group>"; };
		457C531B1FECA0C900A472E6 /* README.md */ = {isa = PBXFileReference; lastKnownFileType = net.daringfireball.markdown; path = README.md; sourceTree = "<group>"; };
		457C531D1FECA24600A472E6 /* .swiftlint.yml */ = {isa = PBXFileReference; lastKnownFileType = text; path = .swiftlint.yml; sourceTree = "<group>"; };
		457C531E1FECA24600A472E6 /* .travis.yml */ = {isa = PBXFileReference; lastKnownFileType = text; path = .travis.yml; sourceTree = "<group>"; };
		457C531F1FECA24D00A472E6 /* .gitignore */ = {isa = PBXFileReference; lastKnownFileType = text; path = .gitignore; sourceTree = "<group>"; };
		457C53291FECA83300A472E6 /* DataService+LoginService.swift */ = {isa = PBXFileReference; lastKnownFileType = sourcecode.swift; path = "DataService+LoginService.swift"; sourceTree = "<group>"; };
		458D37F31FE846C800797D97 /* WatchApp.app */ = {isa = PBXFileReference; explicitFileType = wrapper.application; includeInIndex = 0; path = WatchApp.app; sourceTree = BUILT_PRODUCTS_DIR; };
		458D37FF1FE846C900797D97 /* WatchExtension.appex */ = {isa = PBXFileReference; explicitFileType = "wrapper.app-extension"; includeInIndex = 0; path = WatchExtension.appex; sourceTree = BUILT_PRODUCTS_DIR; };
		458D381B1FE8493400797D97 /* Info-WatchExtension.plist */ = {isa = PBXFileReference; lastKnownFileType = text.plist.xml; path = "Info-WatchExtension.plist"; sourceTree = "<group>"; };
		458D381C1FE8493400797D97 /* Info-WatchApp.plist */ = {isa = PBXFileReference; lastKnownFileType = text.plist.xml; path = "Info-WatchApp.plist"; sourceTree = "<group>"; };
		458D381E1FE8494100797D97 /* PushNotificationPayload.apns */ = {isa = PBXFileReference; lastKnownFileType = text; path = PushNotificationPayload.apns; sourceTree = "<group>"; };
		458D381F1FE8494100797D97 /* WatchExtension.xcassets */ = {isa = PBXFileReference; lastKnownFileType = folder.assetcatalog; path = WatchExtension.xcassets; sourceTree = "<group>"; };
		458D38211FE8494100797D97 /* WatchApp.xcassets */ = {isa = PBXFileReference; lastKnownFileType = folder.assetcatalog; path = WatchApp.xcassets; sourceTree = "<group>"; };
		458D38231FE8494100797D97 /* Base */ = {isa = PBXFileReference; lastKnownFileType = file.storyboard; name = Base; path = Base.lproj/Interface.storyboard; sourceTree = "<group>"; };
		458D38291FE8498000797D97 /* ComplicationController.swift */ = {isa = PBXFileReference; fileEncoding = 4; lastKnownFileType = sourcecode.swift; path = ComplicationController.swift; sourceTree = "<group>"; };
		458D382B1FE8498000797D97 /* NotificationController.swift */ = {isa = PBXFileReference; fileEncoding = 4; lastKnownFileType = sourcecode.swift; path = NotificationController.swift; sourceTree = "<group>"; };
		458D382C1FE8498000797D97 /* ExtensionDelegate.swift */ = {isa = PBXFileReference; fileEncoding = 4; lastKnownFileType = sourcecode.swift; path = ExtensionDelegate.swift; sourceTree = "<group>"; };
		458D38311FE8540F00797D97 /* MainInterfaceController.swift */ = {isa = PBXFileReference; lastKnownFileType = sourcecode.swift; path = MainInterfaceController.swift; sourceTree = "<group>"; };
		4591030B1FEC48DF00389DC8 /* SymondsStudentAppTests.swift */ = {isa = PBXFileReference; fileEncoding = 4; lastKnownFileType = sourcecode.swift; path = SymondsStudentAppTests.swift; sourceTree = "<group>"; };
		459103101FEC48EF00389DC8 /* SSACore.h */ = {isa = PBXFileReference; fileEncoding = 4; lastKnownFileType = sourcecode.c.h; path = SSACore.h; sourceTree = "<group>"; };
		45A873861FE59603006E3DE6 /* DayTests.swift */ = {isa = PBXFileReference; lastKnownFileType = sourcecode.swift; path = DayTests.swift; sourceTree = "<group>"; };
		45A873881FE596F7006E3DE6 /* CalendarProtocol.swift */ = {isa = PBXFileReference; lastKnownFileType = sourcecode.swift; path = CalendarProtocol.swift; sourceTree = "<group>"; };
		45A8738A1FE59703006E3DE6 /* Calendar+CalendarProtocol.swift */ = {isa = PBXFileReference; lastKnownFileType = sourcecode.swift; path = "Calendar+CalendarProtocol.swift"; sourceTree = "<group>"; };
		45AFDD561E785C5C003D0618 /* SymondsStudentApp.app */ = {isa = PBXFileReference; explicitFileType = wrapper.application; includeInIndex = 0; path = SymondsStudentApp.app; sourceTree = BUILT_PRODUCTS_DIR; };
		45AFDD601E785C5C003D0618 /* SymondsStudentApp.xcassets */ = {isa = PBXFileReference; lastKnownFileType = folder.assetcatalog; path = SymondsStudentApp.xcassets; sourceTree = "<group>"; };
		45AFDD651E785C5C003D0618 /* Info.plist */ = {isa = PBXFileReference; lastKnownFileType = text.plist.xml; path = Info.plist; sourceTree = "<group>"; };
		45AFDD6A1E785C5C003D0618 /* SymondsStudentAppTests.xctest */ = {isa = PBXFileReference; explicitFileType = wrapper.cfbundle; includeInIndex = 0; path = SymondsStudentAppTests.xctest; sourceTree = BUILT_PRODUCTS_DIR; };
		45AFDD701E785C5C003D0618 /* Info-Tests.plist */ = {isa = PBXFileReference; lastKnownFileType = text.plist.xml; path = "Info-Tests.plist"; sourceTree = "<group>"; };
		45AFDD751E785C5C003D0618 /* SymondsStudentAppUITests.xctest */ = {isa = PBXFileReference; explicitFileType = wrapper.cfbundle; includeInIndex = 0; path = SymondsStudentAppUITests.xctest; sourceTree = BUILT_PRODUCTS_DIR; };
		45AFDD7B1E785C5C003D0618 /* Info-UITests.plist */ = {isa = PBXFileReference; lastKnownFileType = text.plist.xml; path = "Info-UITests.plist"; sourceTree = "<group>"; };
/* End PBXFileReference section */

/* Begin PBXFrameworksBuildPhase section */
		4517CC181FEC471E00619A3D /* Frameworks */ = {
			isa = PBXFrameworksBuildPhase;
			buildActionMask = 2147483647;
			files = (
			);
			runOnlyForDeploymentPostprocessing = 0;
		};
		4517CC211FEC471E00619A3D /* Frameworks */ = {
			isa = PBXFrameworksBuildPhase;
			buildActionMask = 2147483647;
			files = (
				4517CC251FEC471E00619A3D /* SSACore.framework in Frameworks */,
			);
			runOnlyForDeploymentPostprocessing = 0;
		};
		455E93FC1FCA11E300D3D046 /* Frameworks */ = {
			isa = PBXFrameworksBuildPhase;
			buildActionMask = 2147483647;
			files = (
				457C530A1FEC9B6F00A472E6 /* SSACore.framework in Frameworks */,
				455E94001FCA11E300D3D046 /* NotificationCenter.framework in Frameworks */,
			);
			runOnlyForDeploymentPostprocessing = 0;
		};
		455E941A1FCA16F200D3D046 /* Frameworks */ = {
			isa = PBXFrameworksBuildPhase;
			buildActionMask = 2147483647;
			files = (
				457C530B1FEC9B8B00A472E6 /* SSACore.framework in Frameworks */,
				455E941E1FCA16F200D3D046 /* NotificationCenter.framework in Frameworks */,
			);
			runOnlyForDeploymentPostprocessing = 0;
		};
		458D37FC1FE846C900797D97 /* Frameworks */ = {
			isa = PBXFrameworksBuildPhase;
			buildActionMask = 2147483647;
			files = (
			);
			runOnlyForDeploymentPostprocessing = 0;
		};
		45AFDD531E785C5C003D0618 /* Frameworks */ = {
			isa = PBXFrameworksBuildPhase;
			buildActionMask = 2147483647;
			files = (
				457C52EE1FEC496100A472E6 /* SSACore.framework in Frameworks */,
				457C53171FEC9E5E00A472E6 /* CloudKit.framework in Frameworks */,
			);
			runOnlyForDeploymentPostprocessing = 0;
		};
		45AFDD671E785C5C003D0618 /* Frameworks */ = {
			isa = PBXFrameworksBuildPhase;
			buildActionMask = 2147483647;
			files = (
			);
			runOnlyForDeploymentPostprocessing = 0;
		};
		45AFDD721E785C5C003D0618 /* Frameworks */ = {
			isa = PBXFrameworksBuildPhase;
			buildActionMask = 2147483647;
			files = (
			);
			runOnlyForDeploymentPostprocessing = 0;
		};
/* End PBXFrameworksBuildPhase section */

/* Begin PBXGroup section */
		4501993E1E79704400B768E6 /* Metadata */ = {
			isa = PBXGroup;
			children = (
				45AFDD651E785C5C003D0618 /* Info.plist */,
				45AFDD701E785C5C003D0618 /* Info-Tests.plist */,
				45AFDD7B1E785C5C003D0618 /* Info-UITests.plist */,
				455E94181FCA126D00D3D046 /* Info-TimetableTodayExtension.plist */,
				455E943F1FCA178A00D3D046 /* Info-FreeRoomsTodayExtension.plist */,
				458D381C1FE8493400797D97 /* Info-WatchApp.plist */,
				458D381B1FE8493400797D97 /* Info-WatchExtension.plist */,
				457C53181FECA0A700A472E6 /* SymondsStudentApp.entitlements */,
				45073E551E7C054E00D3AEA0 /* LICENSE-Keychain */,
			);
			path = Metadata;
			sourceTree = "<group>";
		};
		4548183A1FE55D5300041617 /* Protocols */ = {
			isa = PBXGroup;
			children = (
				454818361FE55C8700041617 /* ExampleProviding.swift */,
				454E60561FE562F900178CF6 /* CounterexampleProviding.swift */,
				45A873881FE596F7006E3DE6 /* CalendarProtocol.swift */,
			);
			path = Protocols;
			sourceTree = "<group>";
		};
		45524B5C1EAD4D0C006A4952 /* Resources */ = {
			isa = PBXGroup;
			children = (
				455E93C61FCA078D00D3D046 /* SymondsStudentApp */,
				455E94141FCA122C00D3D046 /* TimetableTodayExtension */,
				455E94381FCA176800D3D046 /* FreeRoomsTodayExtension */,
				458D38201FE8494100797D97 /* WatchApp */,
				458D381D1FE8494100797D97 /* WatchExtension */,
			);
			path = Resources;
			sourceTree = "<group>";
		};
		455E93B41FCA06A600D3D046 /* Frameworks */ = {
			isa = PBXGroup;
			children = (
				457C53161FEC9E5E00A472E6 /* CloudKit.framework */,
				455E93B51FCA06A600D3D046 /* NotificationCenter.framework */,
			);
			name = Frameworks;
			sourceTree = "<group>";
		};
		455E93C61FCA078D00D3D046 /* SymondsStudentApp */ = {
			isa = PBXGroup;
			children = (
				455E93C81FCA0C4200D3D046 /* Main.storyboard */,
				455E93CA1FCA0C4200D3D046 /* LaunchScreen.storyboard */,
				45AFDD601E785C5C003D0618 /* SymondsStudentApp.xcassets */,
			);
			path = SymondsStudentApp;
			sourceTree = "<group>";
		};
		455E93E81FCA111300D3D046 /* SymondsStudentApp */ = {
			isa = PBXGroup;
			children = (
				455E93F01FCA111300D3D046 /* AppDelegate.swift */,
				455E93EE1FCA111300D3D046 /* SplashViewController.swift */,
				455E93EF1FCA111300D3D046 /* LoginViewController.swift */,
				4568FF8E1FCC431700E08D4B /* Timetable */,
				454E605A1FE5654500178CF6 /* Attributions.swift */,
			);
			path = SymondsStudentApp;
			sourceTree = "<group>";
		};
		455E93F91FCA112A00D3D046 /* Extensions */ = {
			isa = PBXGroup;
			children = (
				454818381FE55CF200041617 /* TimetableItem+ExampleProviding.swift */,
				454E60581FE5635800178CF6 /* TimetableItem+CounterexampleProviding.swift */,
				455E93EA1FCA111300D3D046 /* URLRequest.swift */,
				455E93E91FCA111300D3D046 /* URLComponents.swift */,
				45A8738A1FE59703006E3DE6 /* Calendar+CalendarProtocol.swift */,
			);
			path = Extensions;
			sourceTree = "<group>";
		};
		455E93FA1FCA113400D3D046 /* Keychain */ = {
			isa = PBXGroup;
			children = (
				455E93EC1FCA111300D3D046 /* KeychainConfiguration.swift */,
				455E93ED1FCA111300D3D046 /* KeychainPasswordItem.swift */,
			);
			path = Keychain;
			sourceTree = "<group>";
		};
		455E94111FCA121800D3D046 /* TimetableTodayExtension */ = {
			isa = PBXGroup;
			children = (
				455E94121FCA121800D3D046 /* TodayViewController.swift */,
			);
			path = TimetableTodayExtension;
			sourceTree = "<group>";
		};
		455E94141FCA122C00D3D046 /* TimetableTodayExtension */ = {
			isa = PBXGroup;
			children = (
				455E94151FCA122C00D3D046 /* MainInterface.storyboard */,
			);
			path = TimetableTodayExtension;
			sourceTree = "<group>";
		};
		455E94381FCA176800D3D046 /* FreeRoomsTodayExtension */ = {
			isa = PBXGroup;
			children = (
				455E94391FCA176800D3D046 /* MainInterface.storyboard */,
			);
			path = FreeRoomsTodayExtension;
			sourceTree = "<group>";
		};
		455E943C1FCA178100D3D046 /* FreeRoomsTodayExtension */ = {
			isa = PBXGroup;
			children = (
				455E943D1FCA178100D3D046 /* TodayViewController.swift */,
			);
			path = FreeRoomsTodayExtension;
			sourceTree = "<group>";
		};
		4568FF8E1FCC431700E08D4B /* Timetable */ = {
			isa = PBXGroup;
			children = (
				4568FF8B1FCC423C00E08D4B /* TimetableViewController.swift */,
				4568FF8F1FCC433200E08D4B /* TimetableTableViewCell.swift */,
			);
			path = Timetable;
			sourceTree = "<group>";
		};
		457C531C1FECA23600A472E6 /* Top Level Files */ = {
			isa = PBXGroup;
			children = (
				457C53191FECA0B600A472E6 /* Gemfile */,
				454458091FE9CB1B00FBDAEB /* Makefile */,
				457C53121FEC9BEA00A472E6 /* Matchfile */,
				457C531A1FECA0C200A472E6 /* LICENSE */,
				457C531B1FECA0C900A472E6 /* README.md */,
				457C531F1FECA24D00A472E6 /* .gitignore */,
				457C531D1FECA24600A472E6 /* .swiftlint.yml */,
				457C531E1FECA24600A472E6 /* .travis.yml */,
			);
			name = "Top Level Files";
			sourceTree = "<group>";
		};
		457C532B1FECA84B00A472E6 /* Data Service */ = {
			isa = PBXGroup;
			children = (
				455E93EB1FCA111300D3D046 /* DataService.swift */,
				457C53291FECA83300A472E6 /* DataService+LoginService.swift */,
			);
			path = "Data Service";
			sourceTree = "<group>";
		};
		458D381D1FE8494100797D97 /* WatchExtension */ = {
			isa = PBXGroup;
			children = (
				458D381F1FE8494100797D97 /* WatchExtension.xcassets */,
				458D381E1FE8494100797D97 /* PushNotificationPayload.apns */,
			);
			path = WatchExtension;
			sourceTree = "<group>";
		};
		458D38201FE8494100797D97 /* WatchApp */ = {
			isa = PBXGroup;
			children = (
				458D38221FE8494100797D97 /* Interface.storyboard */,
				458D38211FE8494100797D97 /* WatchApp.xcassets */,
			);
			path = WatchApp;
			sourceTree = "<group>";
		};
		458D38281FE8498000797D97 /* WatchExtension */ = {
			isa = PBXGroup;
			children = (
				458D382C1FE8498000797D97 /* ExtensionDelegate.swift */,
				458D38311FE8540F00797D97 /* MainInterfaceController.swift */,
				458D382B1FE8498000797D97 /* NotificationController.swift */,
				458D38291FE8498000797D97 /* ComplicationController.swift */,
			);
			path = WatchExtension;
			sourceTree = "<group>";
		};
		4591030A1FEC48DF00389DC8 /* SSACoreTests */ = {
			isa = PBXGroup;
			children = (
				4568FF931FCC7EB400E08D4B /* TimetableItemTests.swift */,
				45A873861FE59603006E3DE6 /* DayTests.swift */,
				4517CBE91FEC2D9300619A3D /* LoginServiceTests.swift */,
			);
			path = SSACoreTests;
			sourceTree = "<group>";
		};
		4591030D1FEC48EF00389DC8 /* SSACore */ = {
			isa = PBXGroup;
			children = (
				457C532B1FECA84B00A472E6 /* Data Service */,
				454E605C1FE58A5700178CF6 /* Day.swift */,
				4568FF911FCC434F00E08D4B /* TimetableItem.swift */,
				455E93FA1FCA113400D3D046 /* Keychain */,
				4548183A1FE55D5300041617 /* Protocols */,
				455E93F91FCA112A00D3D046 /* Extensions */,
				4591030F1FEC48EF00389DC8 /* Headers */,
			);
			path = SSACore;
			sourceTree = "<group>";
		};
		4591030F1FEC48EF00389DC8 /* Headers */ = {
			isa = PBXGroup;
			children = (
				459103101FEC48EF00389DC8 /* SSACore.h */,
			);
			path = Headers;
			sourceTree = "<group>";
		};
		45AFDD4D1E785C5C003D0618 = {
			isa = PBXGroup;
			children = (
				457C531C1FECA23600A472E6 /* Top Level Files */,
				4501993E1E79704400B768E6 /* Metadata */,
				45524B5C1EAD4D0C006A4952 /* Resources */,
				45AFDD581E785C5C003D0618 /* Sources */,
				45F23E031E785C8A005503EF /* Tests */,
				455E93B41FCA06A600D3D046 /* Frameworks */,
				45AFDD571E785C5C003D0618 /* Products */,
			);
			sourceTree = "<group>";
		};
		45AFDD571E785C5C003D0618 /* Products */ = {
			isa = PBXGroup;
			children = (
				45AFDD561E785C5C003D0618 /* SymondsStudentApp.app */,
				45AFDD6A1E785C5C003D0618 /* SymondsStudentAppTests.xctest */,
				45AFDD751E785C5C003D0618 /* SymondsStudentAppUITests.xctest */,
				455E93FF1FCA11E300D3D046 /* TimetableTodayExtension.appex */,
				455E941D1FCA16F200D3D046 /* FreeRoomsTodayExtension.appex */,
				458D37F31FE846C800797D97 /* WatchApp.app */,
				458D37FF1FE846C900797D97 /* WatchExtension.appex */,
				4517CC1C1FEC471E00619A3D /* SSACore.framework */,
				4517CC241FEC471E00619A3D /* SSACoreTests.xctest */,
			);
			name = Products;
			sourceTree = "<group>";
		};
		45AFDD581E785C5C003D0618 /* Sources */ = {
			isa = PBXGroup;
			children = (
				455E93E81FCA111300D3D046 /* SymondsStudentApp */,
				4591030D1FEC48EF00389DC8 /* SSACore */,
				455E94111FCA121800D3D046 /* TimetableTodayExtension */,
				455E943C1FCA178100D3D046 /* FreeRoomsTodayExtension */,
				458D38281FE8498000797D97 /* WatchExtension */,
			);
			path = Sources;
			sourceTree = "<group>";
		};
		45AFDD6D1E785C5C003D0618 /* SymondsStudentAppTests */ = {
			isa = PBXGroup;
			children = (
				4591030B1FEC48DF00389DC8 /* SymondsStudentAppTests.swift */,
			);
			path = SymondsStudentAppTests;
			sourceTree = "<group>";
		};
		45AFDD781E785C5C003D0618 /* SymondsStudentAppUITests */ = {
			isa = PBXGroup;
			children = (
				455CD1781E7D5FE9004FE1A8 /* SymondsStudentAppUITests.swift */,
			);
			path = SymondsStudentAppUITests;
			sourceTree = "<group>";
		};
		45F23E031E785C8A005503EF /* Tests */ = {
			isa = PBXGroup;
			children = (
				45AFDD6D1E785C5C003D0618 /* SymondsStudentAppTests */,
				45AFDD781E785C5C003D0618 /* SymondsStudentAppUITests */,
				4591030A1FEC48DF00389DC8 /* SSACoreTests */,
			);
			path = Tests;
			sourceTree = "<group>";
		};
/* End PBXGroup section */

/* Begin PBXHeadersBuildPhase section */
		4517CC191FEC471E00619A3D /* Headers */ = {
			isa = PBXHeadersBuildPhase;
			buildActionMask = 2147483647;
			files = (
				459103121FEC48EF00389DC8 /* SSACore.h in Headers */,
			);
			runOnlyForDeploymentPostprocessing = 0;
		};
/* End PBXHeadersBuildPhase section */

/* Begin PBXNativeTarget section */
		4517CC1B1FEC471E00619A3D /* SSACore */ = {
			isa = PBXNativeTarget;
			buildConfigurationList = 4517CC371FEC471E00619A3D /* Build configuration list for PBXNativeTarget "SSACore" */;
			buildPhases = (
				4517CC171FEC471E00619A3D /* Sources */,
				4517CC181FEC471E00619A3D /* Frameworks */,
				4517CC191FEC471E00619A3D /* Headers */,
				4517CC1A1FEC471E00619A3D /* Resources */,
			);
			buildRules = (
			);
			dependencies = (
			);
			name = SSACore;
			productName = SSACore;
			productReference = 4517CC1C1FEC471E00619A3D /* SSACore.framework */;
			productType = "com.apple.product-type.framework";
		};
		4517CC231FEC471E00619A3D /* SSACoreTests */ = {
			isa = PBXNativeTarget;
			buildConfigurationList = 4517CC391FEC471E00619A3D /* Build configuration list for PBXNativeTarget "SSACoreTests" */;
			buildPhases = (
				4517CC201FEC471E00619A3D /* Sources */,
				4517CC211FEC471E00619A3D /* Frameworks */,
				4517CC221FEC471E00619A3D /* Resources */,
			);
			buildRules = (
			);
			dependencies = (
				4517CC271FEC471E00619A3D /* PBXTargetDependency */,
			);
			name = SSACoreTests;
			productName = SSACoreTests;
			productReference = 4517CC241FEC471E00619A3D /* SSACoreTests.xctest */;
			productType = "com.apple.product-type.bundle.unit-test";
		};
		455E93FE1FCA11E300D3D046 /* TimetableTodayExtension */ = {
			isa = PBXNativeTarget;
			buildConfigurationList = 455E940B1FCA11E300D3D046 /* Build configuration list for PBXNativeTarget "TimetableTodayExtension" */;
			buildPhases = (
				455E93FB1FCA11E300D3D046 /* Sources */,
				455E93FC1FCA11E300D3D046 /* Frameworks */,
				455E93FD1FCA11E300D3D046 /* Resources */,
			);
			buildRules = (
			);
			dependencies = (
			);
			name = TimetableTodayExtension;
			productName = TimetableTodayExtension;
			productReference = 455E93FF1FCA11E300D3D046 /* TimetableTodayExtension.appex */;
			productType = "com.apple.product-type.app-extension";
		};
		455E941C1FCA16F200D3D046 /* FreeRoomsTodayExtension */ = {
			isa = PBXNativeTarget;
			buildConfigurationList = 455E94291FCA16F200D3D046 /* Build configuration list for PBXNativeTarget "FreeRoomsTodayExtension" */;
			buildPhases = (
				455E94191FCA16F200D3D046 /* Sources */,
				455E941A1FCA16F200D3D046 /* Frameworks */,
				455E941B1FCA16F200D3D046 /* Resources */,
			);
			buildRules = (
			);
			dependencies = (
			);
			name = FreeRoomsTodayExtension;
			productName = FreeRoomsTodayExtension;
			productReference = 455E941D1FCA16F200D3D046 /* FreeRoomsTodayExtension.appex */;
			productType = "com.apple.product-type.app-extension";
		};
		458D37F21FE846C800797D97 /* WatchApp */ = {
			isa = PBXNativeTarget;
			buildConfigurationList = 458D38191FE846C900797D97 /* Build configuration list for PBXNativeTarget "WatchApp" */;
			buildPhases = (
				458D37F11FE846C800797D97 /* Resources */,
				458D38181FE846C900797D97 /* Embed App Extensions */,
			);
			buildRules = (
			);
			dependencies = (
				458D38021FE846C900797D97 /* PBXTargetDependency */,
			);
			name = WatchApp;
			productName = WatchApp;
			productReference = 458D37F31FE846C800797D97 /* WatchApp.app */;
			productType = "com.apple.product-type.application.watchapp2";
		};
		458D37FE1FE846C900797D97 /* WatchExtension */ = {
			isa = PBXNativeTarget;
			buildConfigurationList = 458D38171FE846C900797D97 /* Build configuration list for PBXNativeTarget "WatchExtension" */;
			buildPhases = (
				458D37FB1FE846C900797D97 /* Sources */,
				458D37FC1FE846C900797D97 /* Frameworks */,
				458D37FD1FE846C900797D97 /* Resources */,
			);
			buildRules = (
			);
			dependencies = (
			);
			name = WatchExtension;
			productName = "WatchApp Extension";
			productReference = 458D37FF1FE846C900797D97 /* WatchExtension.appex */;
			productType = "com.apple.product-type.watchkit2-extension";
		};
		45AFDD551E785C5C003D0618 /* SymondsStudentApp */ = {
			isa = PBXNativeTarget;
			buildConfigurationList = 45AFDD7E1E785C5C003D0618 /* Build configuration list for PBXNativeTarget "SymondsStudentApp" */;
			buildPhases = (
				45AFDD521E785C5C003D0618 /* Sources */,
				45AFDD531E785C5C003D0618 /* Frameworks */,
				45AFDD541E785C5C003D0618 /* Resources */,
				4501993D1E79595100B768E6 /* Lint */,
				45073E4D1E7A94F800D3AEA0 /* Decrypt and Copy Keys */,
				455E93C41FCA06A600D3D046 /* Embed App Extensions */,
				458D381A1FE846C900797D97 /* Embed Watch Content */,
				457C52F21FEC496100A472E6 /* Embed Frameworks */,
			);
			buildRules = (
			);
			dependencies = (
				455E94091FCA11E300D3D046 /* PBXTargetDependency */,
				455E94271FCA16F200D3D046 /* PBXTargetDependency */,
				458D38111FE846C900797D97 /* PBXTargetDependency */,
				457C52F11FEC496100A472E6 /* PBXTargetDependency */,
			);
			name = SymondsStudentApp;
			productName = SymondsStudentApp;
			productReference = 45AFDD561E785C5C003D0618 /* SymondsStudentApp.app */;
			productType = "com.apple.product-type.application";
		};
		45AFDD691E785C5C003D0618 /* SymondsStudentAppTests */ = {
			isa = PBXNativeTarget;
			buildConfigurationList = 45AFDD811E785C5C003D0618 /* Build configuration list for PBXNativeTarget "SymondsStudentAppTests" */;
			buildPhases = (
				45AFDD661E785C5C003D0618 /* Sources */,
				45AFDD671E785C5C003D0618 /* Frameworks */,
				45AFDD681E785C5C003D0618 /* Resources */,
			);
			buildRules = (
			);
			dependencies = (
				45AFDD6C1E785C5C003D0618 /* PBXTargetDependency */,
			);
			name = SymondsStudentAppTests;
			productName = SymondsStudentAppTests;
			productReference = 45AFDD6A1E785C5C003D0618 /* SymondsStudentAppTests.xctest */;
			productType = "com.apple.product-type.bundle.unit-test";
		};
		45AFDD741E785C5C003D0618 /* SymondsStudentAppUITests */ = {
			isa = PBXNativeTarget;
			buildConfigurationList = 45AFDD841E785C5C003D0618 /* Build configuration list for PBXNativeTarget "SymondsStudentAppUITests" */;
			buildPhases = (
				45AFDD711E785C5C003D0618 /* Sources */,
				45AFDD721E785C5C003D0618 /* Frameworks */,
				45AFDD731E785C5C003D0618 /* Resources */,
			);
			buildRules = (
			);
			dependencies = (
				45AFDD771E785C5C003D0618 /* PBXTargetDependency */,
			);
			name = SymondsStudentAppUITests;
			productName = SymondsStudentAppUITests;
			productReference = 45AFDD751E785C5C003D0618 /* SymondsStudentAppUITests.xctest */;
			productType = "com.apple.product-type.bundle.ui-testing";
		};
/* End PBXNativeTarget section */

/* Begin PBXProject section */
		45AFDD4E1E785C5C003D0618 /* Project object */ = {
			isa = PBXProject;
			attributes = {
				LastSwiftUpdateCheck = 0920;
				LastUpgradeCheck = 0900;
				ORGANIZATIONNAME = "Søren Mortensen, George Taylor";
				TargetAttributes = {
					4517CC1B1FEC471E00619A3D = {
						CreatedOnToolsVersion = 9.2;
						DevelopmentTeam = 5K9KB5PRFV;
						LastSwiftMigration = 0920;
						ProvisioningStyle = Manual;
					};
					4517CC231FEC471E00619A3D = {
						CreatedOnToolsVersion = 9.2;
						DevelopmentTeam = 5K9KB5PRFV;
						ProvisioningStyle = Manual;
					};
					455E93FE1FCA11E300D3D046 = {
						CreatedOnToolsVersion = 9.1;
						DevelopmentTeam = 5K9KB5PRFV;
						ProvisioningStyle = Manual;
					};
					455E941C1FCA16F200D3D046 = {
						CreatedOnToolsVersion = 9.1;
						DevelopmentTeam = 5K9KB5PRFV;
						ProvisioningStyle = Manual;
					};
					458D37F21FE846C800797D97 = {
						CreatedOnToolsVersion = 9.2;
						DevelopmentTeam = 5K9KB5PRFV;
						ProvisioningStyle = Manual;
					};
					458D37FE1FE846C900797D97 = {
						CreatedOnToolsVersion = 9.2;
						DevelopmentTeam = 5K9KB5PRFV;
						ProvisioningStyle = Manual;
					};
					45AFDD551E785C5C003D0618 = {
						CreatedOnToolsVersion = 8.2.1;
						DevelopmentTeam = 5K9KB5PRFV;
						LastSwiftMigration = 0900;
						ProvisioningStyle = Manual;
						SystemCapabilities = {
							com.apple.Push = {
								enabled = 1;
							};
							com.apple.iCloud = {
								enabled = 1;
							};
						};
					};
					45AFDD691E785C5C003D0618 = {
						CreatedOnToolsVersion = 8.2.1;
						DevelopmentTeam = 5K9KB5PRFV;
						LastSwiftMigration = 0900;
						ProvisioningStyle = Manual;
						TestTargetID = 45AFDD551E785C5C003D0618;
					};
					45AFDD741E785C5C003D0618 = {
						CreatedOnToolsVersion = 8.2.1;
						DevelopmentTeam = 5K9KB5PRFV;
						LastSwiftMigration = 0900;
						ProvisioningStyle = Manual;
						TestTargetID = 45AFDD551E785C5C003D0618;
					};
				};
			};
			buildConfigurationList = 45AFDD511E785C5C003D0618 /* Build configuration list for PBXProject "SymondsStudentApp" */;
			compatibilityVersion = "Xcode 3.2";
			developmentRegion = English;
			hasScannedForEncodings = 0;
			knownRegions = (
				en,
				Base,
			);
			mainGroup = 45AFDD4D1E785C5C003D0618;
			productRefGroup = 45AFDD571E785C5C003D0618 /* Products */;
			projectDirPath = "";
			projectRoot = "";
			targets = (
				45AFDD551E785C5C003D0618 /* SymondsStudentApp */,
				45AFDD691E785C5C003D0618 /* SymondsStudentAppTests */,
				45AFDD741E785C5C003D0618 /* SymondsStudentAppUITests */,
				4517CC1B1FEC471E00619A3D /* SSACore */,
				4517CC231FEC471E00619A3D /* SSACoreTests */,
				455E93FE1FCA11E300D3D046 /* TimetableTodayExtension */,
				455E941C1FCA16F200D3D046 /* FreeRoomsTodayExtension */,
				458D37F21FE846C800797D97 /* WatchApp */,
				458D37FE1FE846C900797D97 /* WatchExtension */,
			);
		};
/* End PBXProject section */

/* Begin PBXResourcesBuildPhase section */
		4517CC1A1FEC471E00619A3D /* Resources */ = {
			isa = PBXResourcesBuildPhase;
			buildActionMask = 2147483647;
			files = (
			);
			runOnlyForDeploymentPostprocessing = 0;
		};
		4517CC221FEC471E00619A3D /* Resources */ = {
			isa = PBXResourcesBuildPhase;
			buildActionMask = 2147483647;
			files = (
			);
			runOnlyForDeploymentPostprocessing = 0;
		};
		455E93FD1FCA11E300D3D046 /* Resources */ = {
			isa = PBXResourcesBuildPhase;
			buildActionMask = 2147483647;
			files = (
				455E94171FCA122C00D3D046 /* MainInterface.storyboard in Resources */,
			);
			runOnlyForDeploymentPostprocessing = 0;
		};
		455E941B1FCA16F200D3D046 /* Resources */ = {
			isa = PBXResourcesBuildPhase;
			buildActionMask = 2147483647;
			files = (
				455E943B1FCA176800D3D046 /* MainInterface.storyboard in Resources */,
			);
			runOnlyForDeploymentPostprocessing = 0;
		};
		458D37F11FE846C800797D97 /* Resources */ = {
			isa = PBXResourcesBuildPhase;
			buildActionMask = 2147483647;
			files = (
				458D38251FE8494E00797D97 /* Interface.storyboard in Resources */,
				458D38241FE8494B00797D97 /* WatchApp.xcassets in Resources */,
			);
			runOnlyForDeploymentPostprocessing = 0;
		};
		458D37FD1FE846C900797D97 /* Resources */ = {
			isa = PBXResourcesBuildPhase;
			buildActionMask = 2147483647;
			files = (
				458D38271FE8495400797D97 /* WatchExtension.xcassets in Resources */,
				458D38261FE8495000797D97 /* PushNotificationPayload.apns in Resources */,
			);
			runOnlyForDeploymentPostprocessing = 0;
		};
		45AFDD541E785C5C003D0618 /* Resources */ = {
			isa = PBXResourcesBuildPhase;
			buildActionMask = 2147483647;
			files = (
				455E93CE1FCA0C6200D3D046 /* Main.storyboard in Resources */,
				455E93CF1FCA0C6200D3D046 /* LaunchScreen.storyboard in Resources */,
				45073E561E7C054E00D3AEA0 /* LICENSE-Keychain in Resources */,
				45AFDD611E785C5C003D0618 /* SymondsStudentApp.xcassets in Resources */,
			);
			runOnlyForDeploymentPostprocessing = 0;
		};
		45AFDD681E785C5C003D0618 /* Resources */ = {
			isa = PBXResourcesBuildPhase;
			buildActionMask = 2147483647;
			files = (
			);
			runOnlyForDeploymentPostprocessing = 0;
		};
		45AFDD731E785C5C003D0618 /* Resources */ = {
			isa = PBXResourcesBuildPhase;
			buildActionMask = 2147483647;
			files = (
			);
			runOnlyForDeploymentPostprocessing = 0;
		};
/* End PBXResourcesBuildPhase section */

/* Begin PBXShellScriptBuildPhase section */
		4501993D1E79595100B768E6 /* Lint */ = {
			isa = PBXShellScriptBuildPhase;
			buildActionMask = 2147483647;
			files = (
			);
			inputPaths = (
			);
			name = Lint;
			outputPaths = (
			);
			runOnlyForDeploymentPostprocessing = 0;
			shellPath = /bin/sh;
			shellScript = "if which swiftlint >/dev/null; then\n  swiftlint\nelse\n  echo \"warning: SwiftLint not installed, download from https://github.com/realm/SwiftLint\"\n  exit 1\nfi";
		};
		45073E4D1E7A94F800D3AEA0 /* Decrypt and Copy Keys */ = {
			isa = PBXShellScriptBuildPhase;
			buildActionMask = 2147483647;
			files = (
			);
			inputPaths = (
			);
			name = "Decrypt and Copy Keys";
			outputPaths = (
			);
			runOnlyForDeploymentPostprocessing = 0;
			shellPath = /bin/sh;
			shellScript = "Scripts/decrypt-keys.sh";
		};
/* End PBXShellScriptBuildPhase section */

/* Begin PBXSourcesBuildPhase section */
		4517CC171FEC471E00619A3D /* Sources */ = {
			isa = PBXSourcesBuildPhase;
			buildActionMask = 2147483647;
			files = (
				457C52F51FEC4A0100A472E6 /* TimetableItem.swift in Sources */,
				457C52F91FEC4A2200A472E6 /* CalendarProtocol.swift in Sources */,
				457C52F31FEC49FB00A472E6 /* DataService.swift in Sources */,
				457C52FA1FEC4A3C00A472E6 /* TimetableItem+ExampleProviding.swift in Sources */,
				457C52F61FEC4A0700A472E6 /* Day.swift in Sources */,
				457C52FB1FEC4A3C00A472E6 /* TimetableItem+CounterexampleProviding.swift in Sources */,
				457C52FF1FEC4A8F00A472E6 /* KeychainConfiguration.swift in Sources */,
				457C52FC1FEC4A3C00A472E6 /* URLRequest.swift in Sources */,
				457C52FD1FEC4A3C00A472E6 /* URLComponents.swift in Sources */,
				457C52F71FEC4A2200A472E6 /* ExampleProviding.swift in Sources */,
				457C52FE1FEC4A3C00A472E6 /* Calendar+CalendarProtocol.swift in Sources */,
				457C532A1FECA83300A472E6 /* DataService+LoginService.swift in Sources */,
				457C52F81FEC4A2200A472E6 /* CounterexampleProviding.swift in Sources */,
				457C53001FEC4A8F00A472E6 /* KeychainPasswordItem.swift in Sources */,
			);
			runOnlyForDeploymentPostprocessing = 0;
		};
		4517CC201FEC471E00619A3D /* Sources */ = {
			isa = PBXSourcesBuildPhase;
			buildActionMask = 2147483647;
			files = (
				457C53051FEC4ACE00A472E6 /* DayTests.swift in Sources */,
				457C53041FEC4ACE00A472E6 /* TimetableItemTests.swift in Sources */,
				457C53061FEC4ACE00A472E6 /* LoginServiceTests.swift in Sources */,
			);
			runOnlyForDeploymentPostprocessing = 0;
		};
		455E93FB1FCA11E300D3D046 /* Sources */ = {
			isa = PBXSourcesBuildPhase;
			buildActionMask = 2147483647;
			files = (
				455E94131FCA121800D3D046 /* TodayViewController.swift in Sources */,
			);
			runOnlyForDeploymentPostprocessing = 0;
		};
		455E94191FCA16F200D3D046 /* Sources */ = {
			isa = PBXSourcesBuildPhase;
			buildActionMask = 2147483647;
			files = (
				455E943E1FCA178100D3D046 /* TodayViewController.swift in Sources */,
			);
			runOnlyForDeploymentPostprocessing = 0;
		};
		458D37FB1FE846C900797D97 /* Sources */ = {
			isa = PBXSourcesBuildPhase;
			buildActionMask = 2147483647;
			files = (
				458D382F1FE8498100797D97 /* NotificationController.swift in Sources */,
				458D382D1FE8498100797D97 /* ComplicationController.swift in Sources */,
				458D38321FE8540F00797D97 /* MainInterfaceController.swift in Sources */,
				458D38301FE8498100797D97 /* ExtensionDelegate.swift in Sources */,
			);
			runOnlyForDeploymentPostprocessing = 0;
		};
		45AFDD521E785C5C003D0618 /* Sources */ = {
			isa = PBXSourcesBuildPhase;
			buildActionMask = 2147483647;
			files = (
				455E93F81FCA111300D3D046 /* AppDelegate.swift in Sources */,
				455E93F71FCA111300D3D046 /* LoginViewController.swift in Sources */,
				454E605B1FE5654500178CF6 /* Attributions.swift in Sources */,
				4568FF901FCC433200E08D4B /* TimetableTableViewCell.swift in Sources */,
				455E93F61FCA111300D3D046 /* SplashViewController.swift in Sources */,
				4568FF8C1FCC423C00E08D4B /* TimetableViewController.swift in Sources */,
			);
			runOnlyForDeploymentPostprocessing = 0;
		};
		45AFDD661E785C5C003D0618 /* Sources */ = {
			isa = PBXSourcesBuildPhase;
			buildActionMask = 2147483647;
			files = (
				457C53071FEC4BF500A472E6 /* SymondsStudentAppTests.swift in Sources */,
			);
			runOnlyForDeploymentPostprocessing = 0;
		};
		45AFDD711E785C5C003D0618 /* Sources */ = {
			isa = PBXSourcesBuildPhase;
			buildActionMask = 2147483647;
			files = (
				455CD1791E7D5FE9004FE1A8 /* SymondsStudentAppUITests.swift in Sources */,
			);
			runOnlyForDeploymentPostprocessing = 0;
		};
/* End PBXSourcesBuildPhase section */

/* Begin PBXTargetDependency section */
		4517CC271FEC471E00619A3D /* PBXTargetDependency */ = {
			isa = PBXTargetDependency;
			target = 4517CC1B1FEC471E00619A3D /* SSACore */;
			targetProxy = 4517CC261FEC471E00619A3D /* PBXContainerItemProxy */;
		};
		455E94091FCA11E300D3D046 /* PBXTargetDependency */ = {
			isa = PBXTargetDependency;
			target = 455E93FE1FCA11E300D3D046 /* TimetableTodayExtension */;
			targetProxy = 455E94081FCA11E300D3D046 /* PBXContainerItemProxy */;
		};
		455E94271FCA16F200D3D046 /* PBXTargetDependency */ = {
			isa = PBXTargetDependency;
			target = 455E941C1FCA16F200D3D046 /* FreeRoomsTodayExtension */;
			targetProxy = 455E94261FCA16F200D3D046 /* PBXContainerItemProxy */;
		};
		457C52F11FEC496100A472E6 /* PBXTargetDependency */ = {
			isa = PBXTargetDependency;
			target = 4517CC1B1FEC471E00619A3D /* SSACore */;
			targetProxy = 457C52F01FEC496100A472E6 /* PBXContainerItemProxy */;
		};
		458D38021FE846C900797D97 /* PBXTargetDependency */ = {
			isa = PBXTargetDependency;
			target = 458D37FE1FE846C900797D97 /* WatchExtension */;
			targetProxy = 458D38011FE846C900797D97 /* PBXContainerItemProxy */;
		};
		458D38111FE846C900797D97 /* PBXTargetDependency */ = {
			isa = PBXTargetDependency;
			target = 458D37F21FE846C800797D97 /* WatchApp */;
			targetProxy = 458D38101FE846C900797D97 /* PBXContainerItemProxy */;
		};
		45AFDD6C1E785C5C003D0618 /* PBXTargetDependency */ = {
			isa = PBXTargetDependency;
			target = 45AFDD551E785C5C003D0618 /* SymondsStudentApp */;
			targetProxy = 45AFDD6B1E785C5C003D0618 /* PBXContainerItemProxy */;
		};
		45AFDD771E785C5C003D0618 /* PBXTargetDependency */ = {
			isa = PBXTargetDependency;
			target = 45AFDD551E785C5C003D0618 /* SymondsStudentApp */;
			targetProxy = 45AFDD761E785C5C003D0618 /* PBXContainerItemProxy */;
		};
/* End PBXTargetDependency section */

/* Begin PBXVariantGroup section */
		455E93C81FCA0C4200D3D046 /* Main.storyboard */ = {
			isa = PBXVariantGroup;
			children = (
				455E93C91FCA0C4200D3D046 /* Base */,
			);
			name = Main.storyboard;
			sourceTree = "<group>";
		};
		455E93CA1FCA0C4200D3D046 /* LaunchScreen.storyboard */ = {
			isa = PBXVariantGroup;
			children = (
				455E93CB1FCA0C4200D3D046 /* Base */,
			);
			name = LaunchScreen.storyboard;
			sourceTree = "<group>";
		};
		455E94151FCA122C00D3D046 /* MainInterface.storyboard */ = {
			isa = PBXVariantGroup;
			children = (
				455E94161FCA122C00D3D046 /* Base */,
			);
			name = MainInterface.storyboard;
			sourceTree = "<group>";
		};
		455E94391FCA176800D3D046 /* MainInterface.storyboard */ = {
			isa = PBXVariantGroup;
			children = (
				455E943A1FCA176800D3D046 /* Base */,
			);
			name = MainInterface.storyboard;
			sourceTree = "<group>";
		};
		458D38221FE8494100797D97 /* Interface.storyboard */ = {
			isa = PBXVariantGroup;
			children = (
				458D38231FE8494100797D97 /* Base */,
			);
			name = Interface.storyboard;
			sourceTree = "<group>";
		};
/* End PBXVariantGroup section */

/* Begin XCBuildConfiguration section */
		4517CC331FEC471E00619A3D /* Debug */ = {
			isa = XCBuildConfiguration;
			buildSettings = {
				APPLICATION_EXTENSION_API_ONLY = YES;
				CLANG_ANALYZER_NUMBER_OBJECT_CONVERSION = YES_AGGRESSIVE;
				CLANG_CXX_LANGUAGE_STANDARD = "gnu++14";
				CLANG_ENABLE_MODULES = YES;
				CLANG_WARN_UNGUARDED_AVAILABILITY = YES_AGGRESSIVE;
				CODE_SIGN_IDENTITY = "iPhone Developer: Soren Mortensen (3JFQF766SZ)";
				"CODE_SIGN_IDENTITY[sdk=iphoneos*]" = "iPhone Developer";
				CODE_SIGN_STYLE = Manual;
				CURRENT_PROJECT_VERSION = 1;
				DEFINES_MODULE = YES;
				DEVELOPMENT_TEAM = 5K9KB5PRFV;
				DYLIB_COMPATIBILITY_VERSION = 1;
				DYLIB_CURRENT_VERSION = 1;
				DYLIB_INSTALL_NAME_BASE = "@rpath";
				GCC_C_LANGUAGE_STANDARD = gnu11;
				INFOPLIST_FILE = "Metadata/Info-SSACore.plist";
				INSTALL_PATH = "$(LOCAL_LIBRARY_DIR)/Frameworks";
				LD_RUNPATH_SEARCH_PATHS = "$(inherited) @executable_path/Frameworks @loader_path/Frameworks";
				PRODUCT_BUNDLE_IDENTIFIER = com.sorenmortensen.SSACore;
				PRODUCT_NAME = "$(TARGET_NAME:c99extidentifier)";
				PROVISIONING_PROFILE_SPECIFIER = "";
				SKIP_INSTALL = YES;
				SWIFT_OPTIMIZATION_LEVEL = "-Onone";
				SWIFT_VERSION = 4.0;
				TARGETED_DEVICE_FAMILY = "1,2";
				VERSIONING_SYSTEM = "apple-generic";
				VERSION_INFO_PREFIX = "";
			};
			name = Debug;
		};
		4517CC341FEC471E00619A3D /* Release */ = {
			isa = XCBuildConfiguration;
			buildSettings = {
				APPLICATION_EXTENSION_API_ONLY = YES;
				CLANG_ANALYZER_NUMBER_OBJECT_CONVERSION = YES_AGGRESSIVE;
				CLANG_CXX_LANGUAGE_STANDARD = "gnu++14";
				CLANG_ENABLE_MODULES = YES;
				CLANG_WARN_UNGUARDED_AVAILABILITY = YES_AGGRESSIVE;
				CODE_SIGN_IDENTITY = "iPhone Distribution: Soren Mortensen (5K9KB5PRFV)";
				"CODE_SIGN_IDENTITY[sdk=iphoneos*]" = "iPhone Developer";
				CODE_SIGN_STYLE = Manual;
				CURRENT_PROJECT_VERSION = 1;
				DEFINES_MODULE = YES;
				DEVELOPMENT_TEAM = 5K9KB5PRFV;
				DYLIB_COMPATIBILITY_VERSION = 1;
				DYLIB_CURRENT_VERSION = 1;
				DYLIB_INSTALL_NAME_BASE = "@rpath";
				GCC_C_LANGUAGE_STANDARD = gnu11;
				INFOPLIST_FILE = "Metadata/Info-SSACore.plist";
				INSTALL_PATH = "$(LOCAL_LIBRARY_DIR)/Frameworks";
				LD_RUNPATH_SEARCH_PATHS = "$(inherited) @executable_path/Frameworks @loader_path/Frameworks";
				PRODUCT_BUNDLE_IDENTIFIER = com.sorenmortensen.SSACore;
				PRODUCT_NAME = "$(TARGET_NAME:c99extidentifier)";
				PROVISIONING_PROFILE_SPECIFIER = "";
				SKIP_INSTALL = YES;
				SWIFT_VERSION = 4.0;
				TARGETED_DEVICE_FAMILY = "1,2";
				VERSIONING_SYSTEM = "apple-generic";
				VERSION_INFO_PREFIX = "";
			};
			name = Release;
		};
		4517CC351FEC471E00619A3D /* Debug */ = {
			isa = XCBuildConfiguration;
			buildSettings = {
				ALWAYS_EMBED_SWIFT_STANDARD_LIBRARIES = YES;
				CLANG_ANALYZER_NUMBER_OBJECT_CONVERSION = YES_AGGRESSIVE;
				CLANG_CXX_LANGUAGE_STANDARD = "gnu++14";
				CLANG_WARN_UNGUARDED_AVAILABILITY = YES_AGGRESSIVE;
				CODE_SIGN_IDENTITY = "iPhone Developer";
				"CODE_SIGN_IDENTITY[sdk=iphoneos*]" = "iPhone Developer";
				CODE_SIGN_STYLE = Manual;
				DEVELOPMENT_TEAM = 5K9KB5PRFV;
				GCC_C_LANGUAGE_STANDARD = gnu11;
				INFOPLIST_FILE = "Metadata/Info-SSACoreTests.plist";
				IPHONEOS_DEPLOYMENT_TARGET = 11.2;
				LD_RUNPATH_SEARCH_PATHS = "$(inherited) @executable_path/Frameworks @loader_path/Frameworks";
				PRODUCT_BUNDLE_IDENTIFIER = com.sorenmortensen.SSACoreTests;
				PRODUCT_NAME = "$(TARGET_NAME)";
				PROVISIONING_PROFILE_SPECIFIER = "";
				SWIFT_VERSION = 4.0;
				TARGETED_DEVICE_FAMILY = "1,2";
			};
			name = Debug;
		};
		4517CC361FEC471E00619A3D /* Release */ = {
			isa = XCBuildConfiguration;
			buildSettings = {
				ALWAYS_EMBED_SWIFT_STANDARD_LIBRARIES = YES;
				CLANG_ANALYZER_NUMBER_OBJECT_CONVERSION = YES_AGGRESSIVE;
				CLANG_CXX_LANGUAGE_STANDARD = "gnu++14";
				CLANG_WARN_UNGUARDED_AVAILABILITY = YES_AGGRESSIVE;
				CODE_SIGN_IDENTITY = "iPhone Developer";
				"CODE_SIGN_IDENTITY[sdk=iphoneos*]" = "iPhone Distribution";
				CODE_SIGN_STYLE = Manual;
				DEVELOPMENT_TEAM = 5K9KB5PRFV;
				GCC_C_LANGUAGE_STANDARD = gnu11;
				INFOPLIST_FILE = "Metadata/Info-SSACoreTests.plist";
				IPHONEOS_DEPLOYMENT_TARGET = 11.2;
				LD_RUNPATH_SEARCH_PATHS = "$(inherited) @executable_path/Frameworks @loader_path/Frameworks";
				PRODUCT_BUNDLE_IDENTIFIER = com.sorenmortensen.SSACoreTests;
				PRODUCT_NAME = "$(TARGET_NAME)";
				PROVISIONING_PROFILE_SPECIFIER = "";
				SWIFT_VERSION = 4.0;
				TARGETED_DEVICE_FAMILY = "1,2";
			};
			name = Release;
		};
		455E940C1FCA11E300D3D046 /* Debug */ = {
			isa = XCBuildConfiguration;
			buildSettings = {
				CLANG_ANALYZER_NUMBER_OBJECT_CONVERSION = YES_AGGRESSIVE;
				CLANG_CXX_LANGUAGE_STANDARD = "gnu++14";
				CLANG_WARN_UNGUARDED_AVAILABILITY = YES_AGGRESSIVE;
				CODE_SIGN_IDENTITY = "iPhone Developer";
				CODE_SIGN_STYLE = Manual;
				DEVELOPMENT_TEAM = 5K9KB5PRFV;
				GCC_C_LANGUAGE_STANDARD = gnu11;
				INFOPLIST_FILE = "Metadata/Info-TimetableTodayExtension.plist";
				LD_RUNPATH_SEARCH_PATHS = "$(inherited) @executable_path/Frameworks @executable_path/../../Frameworks";
				PRODUCT_BUNDLE_IDENTIFIER = com.sorenmortensen.SymondsStudentApp.TimetableTodayExtension;
				PRODUCT_NAME = "$(TARGET_NAME)";
				PROVISIONING_PROFILE = "b77baaf9-02d5-40cf-a14f-95487bb26a64";
				PROVISIONING_PROFILE_SPECIFIER = "match Development com.sorenmortensen.SymondsStudentApp.TimetableTodayExtension";
				SKIP_INSTALL = YES;
				SWIFT_VERSION = 4.0;
				TARGETED_DEVICE_FAMILY = "1,2";
			};
			name = Debug;
		};
		455E940D1FCA11E300D3D046 /* Release */ = {
			isa = XCBuildConfiguration;
			buildSettings = {
				CLANG_ANALYZER_NUMBER_OBJECT_CONVERSION = YES_AGGRESSIVE;
				CLANG_CXX_LANGUAGE_STANDARD = "gnu++14";
				CLANG_WARN_UNGUARDED_AVAILABILITY = YES_AGGRESSIVE;
				CODE_SIGN_IDENTITY = "iPhone Developer";
				"CODE_SIGN_IDENTITY[sdk=iphoneos*]" = "iPhone Distribution";
				CODE_SIGN_STYLE = Manual;
				DEVELOPMENT_TEAM = 5K9KB5PRFV;
				GCC_C_LANGUAGE_STANDARD = gnu11;
				INFOPLIST_FILE = "Metadata/Info-TimetableTodayExtension.plist";
				LD_RUNPATH_SEARCH_PATHS = "$(inherited) @executable_path/Frameworks @executable_path/../../Frameworks";
				PRODUCT_BUNDLE_IDENTIFIER = com.sorenmortensen.SymondsStudentApp.TimetableTodayExtension;
				PRODUCT_NAME = "$(TARGET_NAME)";
				PROVISIONING_PROFILE = "0b35d2d5-cd89-49c2-85f8-d6dc3eb51307";
				PROVISIONING_PROFILE_SPECIFIER = "match AppStore com.sorenmortensen.SymondsStudentApp.TimetableTodayExtension";
				SKIP_INSTALL = YES;
				SWIFT_VERSION = 4.0;
				TARGETED_DEVICE_FAMILY = "1,2";
			};
			name = Release;
		};
		455E942A1FCA16F200D3D046 /* Debug */ = {
			isa = XCBuildConfiguration;
			buildSettings = {
				CLANG_ANALYZER_NUMBER_OBJECT_CONVERSION = YES_AGGRESSIVE;
				CLANG_CXX_LANGUAGE_STANDARD = "gnu++14";
				CLANG_WARN_UNGUARDED_AVAILABILITY = YES_AGGRESSIVE;
				CODE_SIGN_IDENTITY = "iPhone Developer";
				CODE_SIGN_STYLE = Manual;
				DEVELOPMENT_TEAM = 5K9KB5PRFV;
				GCC_C_LANGUAGE_STANDARD = gnu11;
				INFOPLIST_FILE = "Metadata/Info-FreeRoomsTodayExtension.plist";
				LD_RUNPATH_SEARCH_PATHS = "$(inherited) @executable_path/Frameworks @executable_path/../../Frameworks";
				PRODUCT_BUNDLE_IDENTIFIER = com.sorenmortensen.SymondsStudentApp.FreeRoomsTodayExtension;
				PRODUCT_NAME = "$(TARGET_NAME)";
				PROVISIONING_PROFILE = "3f96aba3-8513-4dc3-8be5-3ae493fed7b6";
				PROVISIONING_PROFILE_SPECIFIER = "match Development com.sorenmortensen.SymondsStudentApp.FreeRoomsTodayExtension";
				SKIP_INSTALL = YES;
				SWIFT_VERSION = 4.0;
				TARGETED_DEVICE_FAMILY = "1,2";
			};
			name = Debug;
		};
		455E942B1FCA16F200D3D046 /* Release */ = {
			isa = XCBuildConfiguration;
			buildSettings = {
				CLANG_ANALYZER_NUMBER_OBJECT_CONVERSION = YES_AGGRESSIVE;
				CLANG_CXX_LANGUAGE_STANDARD = "gnu++14";
				CLANG_WARN_UNGUARDED_AVAILABILITY = YES_AGGRESSIVE;
				CODE_SIGN_IDENTITY = "iPhone Developer";
				"CODE_SIGN_IDENTITY[sdk=iphoneos*]" = "iPhone Distribution";
				CODE_SIGN_STYLE = Manual;
				DEVELOPMENT_TEAM = 5K9KB5PRFV;
				GCC_C_LANGUAGE_STANDARD = gnu11;
				INFOPLIST_FILE = "Metadata/Info-FreeRoomsTodayExtension.plist";
				LD_RUNPATH_SEARCH_PATHS = "$(inherited) @executable_path/Frameworks @executable_path/../../Frameworks";
				PRODUCT_BUNDLE_IDENTIFIER = com.sorenmortensen.SymondsStudentApp.FreeRoomsTodayExtension;
				PRODUCT_NAME = "$(TARGET_NAME)";
				PROVISIONING_PROFILE = "7c427547-b8a7-4983-a1df-8fd9af366c10";
				PROVISIONING_PROFILE_SPECIFIER = "match AppStore com.sorenmortensen.SymondsStudentApp.FreeRoomsTodayExtension";
				SKIP_INSTALL = YES;
				SWIFT_VERSION = 4.0;
				TARGETED_DEVICE_FAMILY = "1,2";
			};
			name = Release;
		};
		458D38131FE846C900797D97 /* Debug */ = {
			isa = XCBuildConfiguration;
			buildSettings = {
				ALWAYS_EMBED_SWIFT_STANDARD_LIBRARIES = YES;
				ASSETCATALOG_COMPILER_APPICON_NAME = AppIcon;
				CLANG_ANALYZER_NUMBER_OBJECT_CONVERSION = YES_AGGRESSIVE;
				CLANG_CXX_LANGUAGE_STANDARD = "gnu++14";
				CLANG_WARN_UNGUARDED_AVAILABILITY = YES_AGGRESSIVE;
				CODE_SIGN_IDENTITY = "iPhone Developer";
				CODE_SIGN_STYLE = Manual;
				DEVELOPMENT_TEAM = 5K9KB5PRFV;
				GCC_C_LANGUAGE_STANDARD = gnu11;
				IBSC_MODULE = WatchApp_Extension;
				INFOPLIST_FILE = "Metadata/Info-WatchApp.plist";
				PRODUCT_BUNDLE_IDENTIFIER = com.sorenmortensen.SymondsStudentApp.watchkitapp;
				PRODUCT_NAME = "$(TARGET_NAME)";
				PROVISIONING_PROFILE = "001e45a1-8c98-4cb1-80eb-20d321699957";
				PROVISIONING_PROFILE_SPECIFIER = "match Development com.sorenmortensen.SymondsStudentApp.watchkitapp";
				SDKROOT = watchos;
				SKIP_INSTALL = YES;
				SWIFT_VERSION = 4.0;
				TARGETED_DEVICE_FAMILY = 4;
				WATCHOS_DEPLOYMENT_TARGET = 4.0;
			};
			name = Debug;
		};
		458D38141FE846C900797D97 /* Release */ = {
			isa = XCBuildConfiguration;
			buildSettings = {
				ALWAYS_EMBED_SWIFT_STANDARD_LIBRARIES = YES;
				ASSETCATALOG_COMPILER_APPICON_NAME = AppIcon;
				CLANG_ANALYZER_NUMBER_OBJECT_CONVERSION = YES_AGGRESSIVE;
				CLANG_CXX_LANGUAGE_STANDARD = "gnu++14";
				CLANG_WARN_UNGUARDED_AVAILABILITY = YES_AGGRESSIVE;
				CODE_SIGN_IDENTITY = "iPhone Developer";
				"CODE_SIGN_IDENTITY[sdk=watchos*]" = "iPhone Distribution";
				CODE_SIGN_STYLE = Manual;
				DEVELOPMENT_TEAM = 5K9KB5PRFV;
				GCC_C_LANGUAGE_STANDARD = gnu11;
				IBSC_MODULE = WatchApp_Extension;
				INFOPLIST_FILE = "Metadata/Info-WatchApp.plist";
				PRODUCT_BUNDLE_IDENTIFIER = com.sorenmortensen.SymondsStudentApp.watchkitapp;
				PRODUCT_NAME = "$(TARGET_NAME)";
				PROVISIONING_PROFILE = "58ca866d-7f85-4684-bb8a-b930c4d89a0c";
				PROVISIONING_PROFILE_SPECIFIER = "match AppStore com.sorenmortensen.SymondsStudentApp.watchkitapp";
				SDKROOT = watchos;
				SKIP_INSTALL = YES;
				SWIFT_VERSION = 4.0;
				TARGETED_DEVICE_FAMILY = 4;
				WATCHOS_DEPLOYMENT_TARGET = 4.0;
			};
			name = Release;
		};
		458D38151FE846C900797D97 /* Debug */ = {
			isa = XCBuildConfiguration;
			buildSettings = {
				ASSETCATALOG_COMPILER_COMPLICATION_NAME = Complication;
				CLANG_ANALYZER_NUMBER_OBJECT_CONVERSION = YES_AGGRESSIVE;
				CLANG_CXX_LANGUAGE_STANDARD = "gnu++14";
				CLANG_WARN_UNGUARDED_AVAILABILITY = YES_AGGRESSIVE;
				CODE_SIGN_IDENTITY = "iPhone Developer: Soren Mortensen (3JFQF766SZ)";
				"CODE_SIGN_IDENTITY[sdk=iphoneos*]" = "iPhone Developer";
				CODE_SIGN_STYLE = Manual;
				DEVELOPMENT_TEAM = 5K9KB5PRFV;
				GCC_C_LANGUAGE_STANDARD = gnu11;
				INFOPLIST_FILE = "Metadata/Info-WatchExtension.plist";
				LD_RUNPATH_SEARCH_PATHS = "$(inherited) @executable_path/Frameworks @executable_path/../../Frameworks";
				PRODUCT_BUNDLE_IDENTIFIER = com.sorenmortensen.SymondsStudentApp.watchkitapp.watchkitextension;
				PRODUCT_NAME = "${TARGET_NAME}";
				PROVISIONING_PROFILE = "9a4ede51-b1c9-4a5a-8f8a-01c60065a694";
				PROVISIONING_PROFILE_SPECIFIER = "match Development com.sorenmortensen.SymondsStudentApp.watchkitapp.watchkitextension";
				SDKROOT = watchos;
				SKIP_INSTALL = YES;
				SWIFT_VERSION = 4.0;
				TARGETED_DEVICE_FAMILY = 4;
				WATCHOS_DEPLOYMENT_TARGET = 4.0;
			};
			name = Debug;
		};
		458D38161FE846C900797D97 /* Release */ = {
			isa = XCBuildConfiguration;
			buildSettings = {
				ASSETCATALOG_COMPILER_COMPLICATION_NAME = Complication;
				CLANG_ANALYZER_NUMBER_OBJECT_CONVERSION = YES_AGGRESSIVE;
				CLANG_CXX_LANGUAGE_STANDARD = "gnu++14";
				CLANG_WARN_UNGUARDED_AVAILABILITY = YES_AGGRESSIVE;
				CODE_SIGN_IDENTITY = "iPhone Distribution: Soren Mortensen (5K9KB5PRFV)";
				"CODE_SIGN_IDENTITY[sdk=iphoneos*]" = "iPhone Developer";
				CODE_SIGN_STYLE = Manual;
				DEVELOPMENT_TEAM = 5K9KB5PRFV;
				GCC_C_LANGUAGE_STANDARD = gnu11;
				INFOPLIST_FILE = "Metadata/Info-WatchExtension.plist";
				LD_RUNPATH_SEARCH_PATHS = "$(inherited) @executable_path/Frameworks @executable_path/../../Frameworks";
				PRODUCT_BUNDLE_IDENTIFIER = com.sorenmortensen.SymondsStudentApp.watchkitapp.watchkitextension;
				PRODUCT_NAME = "${TARGET_NAME}";
				PROVISIONING_PROFILE = "14240f24-99ec-4c73-981c-d8c1207cbaa6";
				PROVISIONING_PROFILE_SPECIFIER = "match AppStore com.sorenmortensen.SymondsStudentApp.watchkitapp.watchkitextension";
				SDKROOT = watchos;
				SKIP_INSTALL = YES;
				SWIFT_VERSION = 4.0;
				TARGETED_DEVICE_FAMILY = 4;
				WATCHOS_DEPLOYMENT_TARGET = 4.0;
			};
			name = Release;
		};
		45AFDD7C1E785C5C003D0618 /* Debug */ = {
			isa = XCBuildConfiguration;
			buildSettings = {
				ALWAYS_SEARCH_USER_PATHS = NO;
				CLANG_ANALYZER_NONNULL = YES;
				CLANG_CXX_LANGUAGE_STANDARD = "gnu++0x";
				CLANG_CXX_LIBRARY = "libc++";
				CLANG_ENABLE_MODULES = YES;
				CLANG_ENABLE_OBJC_ARC = YES;
				CLANG_WARN_BLOCK_CAPTURE_AUTORELEASING = YES;
				CLANG_WARN_BOOL_CONVERSION = YES;
				CLANG_WARN_COMMA = YES;
				CLANG_WARN_CONSTANT_CONVERSION = YES;
				CLANG_WARN_DIRECT_OBJC_ISA_USAGE = YES_ERROR;
				CLANG_WARN_DOCUMENTATION_COMMENTS = YES;
				CLANG_WARN_EMPTY_BODY = YES;
				CLANG_WARN_ENUM_CONVERSION = YES;
				CLANG_WARN_INFINITE_RECURSION = YES;
				CLANG_WARN_INT_CONVERSION = YES;
				CLANG_WARN_NON_LITERAL_NULL_CONVERSION = YES;
				CLANG_WARN_OBJC_LITERAL_CONVERSION = YES;
				CLANG_WARN_OBJC_ROOT_CLASS = YES_ERROR;
				CLANG_WARN_RANGE_LOOP_ANALYSIS = YES;
				CLANG_WARN_STRICT_PROTOTYPES = YES;
				CLANG_WARN_SUSPICIOUS_MOVE = YES;
				CLANG_WARN_UNREACHABLE_CODE = YES;
				CLANG_WARN__DUPLICATE_METHOD_MATCH = YES;
				"CODE_SIGN_IDENTITY[sdk=iphoneos*]" = "iPhone Developer";
				COPY_PHASE_STRIP = NO;
				DEBUG_INFORMATION_FORMAT = dwarf;
				ENABLE_STRICT_OBJC_MSGSEND = YES;
				ENABLE_TESTABILITY = YES;
				GCC_C_LANGUAGE_STANDARD = gnu99;
				GCC_DYNAMIC_NO_PIC = NO;
				GCC_NO_COMMON_BLOCKS = YES;
				GCC_OPTIMIZATION_LEVEL = 0;
				GCC_PREPROCESSOR_DEFINITIONS = (
					"DEBUG=1",
					"$(inherited)",
				);
				GCC_WARN_64_TO_32_BIT_CONVERSION = YES;
				GCC_WARN_ABOUT_RETURN_TYPE = YES_ERROR;
				GCC_WARN_UNDECLARED_SELECTOR = YES;
				GCC_WARN_UNINITIALIZED_AUTOS = YES_AGGRESSIVE;
				GCC_WARN_UNUSED_FUNCTION = YES;
				GCC_WARN_UNUSED_VARIABLE = YES;
				IPHONEOS_DEPLOYMENT_TARGET = 10.0;
				MTL_ENABLE_DEBUG_INFO = YES;
				ONLY_ACTIVE_ARCH = YES;
				SDKROOT = iphoneos;
				SWIFT_ACTIVE_COMPILATION_CONDITIONS = DEBUG;
				SWIFT_OPTIMIZATION_LEVEL = "-Onone";
				SWIFT_SWIFT3_OBJC_INFERENCE = Default;
				TARGETED_DEVICE_FAMILY = "1,2";
			};
			name = Debug;
		};
		45AFDD7D1E785C5C003D0618 /* Release */ = {
			isa = XCBuildConfiguration;
			buildSettings = {
				ALWAYS_SEARCH_USER_PATHS = NO;
				CLANG_ANALYZER_NONNULL = YES;
				CLANG_CXX_LANGUAGE_STANDARD = "gnu++0x";
				CLANG_CXX_LIBRARY = "libc++";
				CLANG_ENABLE_MODULES = YES;
				CLANG_ENABLE_OBJC_ARC = YES;
				CLANG_WARN_BLOCK_CAPTURE_AUTORELEASING = YES;
				CLANG_WARN_BOOL_CONVERSION = YES;
				CLANG_WARN_COMMA = YES;
				CLANG_WARN_CONSTANT_CONVERSION = YES;
				CLANG_WARN_DIRECT_OBJC_ISA_USAGE = YES_ERROR;
				CLANG_WARN_DOCUMENTATION_COMMENTS = YES;
				CLANG_WARN_EMPTY_BODY = YES;
				CLANG_WARN_ENUM_CONVERSION = YES;
				CLANG_WARN_INFINITE_RECURSION = YES;
				CLANG_WARN_INT_CONVERSION = YES;
				CLANG_WARN_NON_LITERAL_NULL_CONVERSION = YES;
				CLANG_WARN_OBJC_LITERAL_CONVERSION = YES;
				CLANG_WARN_OBJC_ROOT_CLASS = YES_ERROR;
				CLANG_WARN_RANGE_LOOP_ANALYSIS = YES;
				CLANG_WARN_STRICT_PROTOTYPES = YES;
				CLANG_WARN_SUSPICIOUS_MOVE = YES;
				CLANG_WARN_UNREACHABLE_CODE = YES;
				CLANG_WARN__DUPLICATE_METHOD_MATCH = YES;
				"CODE_SIGN_IDENTITY[sdk=iphoneos*]" = "iPhone Developer";
				COPY_PHASE_STRIP = NO;
				DEBUG_INFORMATION_FORMAT = "dwarf-with-dsym";
				ENABLE_NS_ASSERTIONS = NO;
				ENABLE_STRICT_OBJC_MSGSEND = YES;
				GCC_C_LANGUAGE_STANDARD = gnu99;
				GCC_NO_COMMON_BLOCKS = YES;
				GCC_WARN_64_TO_32_BIT_CONVERSION = YES;
				GCC_WARN_ABOUT_RETURN_TYPE = YES_ERROR;
				GCC_WARN_UNDECLARED_SELECTOR = YES;
				GCC_WARN_UNINITIALIZED_AUTOS = YES_AGGRESSIVE;
				GCC_WARN_UNUSED_FUNCTION = YES;
				GCC_WARN_UNUSED_VARIABLE = YES;
				IPHONEOS_DEPLOYMENT_TARGET = 10.0;
				MTL_ENABLE_DEBUG_INFO = NO;
				SDKROOT = iphoneos;
				SWIFT_OPTIMIZATION_LEVEL = "-Owholemodule";
				SWIFT_SWIFT3_OBJC_INFERENCE = Default;
				TARGETED_DEVICE_FAMILY = "1,2";
				VALIDATE_PRODUCT = YES;
			};
			name = Release;
		};
		45AFDD7F1E785C5C003D0618 /* Debug */ = {
			isa = XCBuildConfiguration;
			buildSettings = {
				ALWAYS_EMBED_SWIFT_STANDARD_LIBRARIES = YES;
				ASSETCATALOG_COMPILER_APPICON_NAME = AppIcon;
				CODE_SIGN_ENTITLEMENTS = Metadata/SymondsStudentApp.entitlements;
				CODE_SIGN_IDENTITY = "iPhone Developer: Soren Mortensen (3JFQF766SZ)";
				CODE_SIGN_STYLE = Manual;
				DEVELOPMENT_TEAM = 5K9KB5PRFV;
				INFOPLIST_FILE = Metadata/Info.plist;
				LD_RUNPATH_SEARCH_PATHS = "$(inherited) @executable_path/Frameworks";
				ONLY_ACTIVE_ARCH = YES;
				PRODUCT_BUNDLE_IDENTIFIER = com.sorenmortensen.SymondsStudentApp;
				PRODUCT_NAME = "$(TARGET_NAME)";
				PROVISIONING_PROFILE = "5dc00339-eb28-4e53-9ba2-0e8882f6083f";
				PROVISIONING_PROFILE_SPECIFIER = "match Development com.sorenmortensen.SymondsStudentApp";
				SWIFT_VERSION = 4.0;
			};
			name = Debug;
		};
		45AFDD801E785C5C003D0618 /* Release */ = {
			isa = XCBuildConfiguration;
			buildSettings = {
				ALWAYS_EMBED_SWIFT_STANDARD_LIBRARIES = YES;
				ASSETCATALOG_COMPILER_APPICON_NAME = AppIcon;
				CODE_SIGN_ENTITLEMENTS = Metadata/SymondsStudentApp.entitlements;
				CODE_SIGN_IDENTITY = "iPhone Distribution: Soren Mortensen (5K9KB5PRFV)";
				CODE_SIGN_STYLE = Manual;
				DEVELOPMENT_TEAM = 5K9KB5PRFV;
				INFOPLIST_FILE = Metadata/Info.plist;
				LD_RUNPATH_SEARCH_PATHS = "$(inherited) @executable_path/Frameworks";
				PRODUCT_BUNDLE_IDENTIFIER = com.sorenmortensen.SymondsStudentApp;
				PRODUCT_NAME = "$(TARGET_NAME)";
				PROVISIONING_PROFILE = "7333798b-8dde-4ebc-99db-0b1a0e2cde0d";
				PROVISIONING_PROFILE_SPECIFIER = "match AppStore com.sorenmortensen.SymondsStudentApp";
				SWIFT_VERSION = 4.0;
			};
			name = Release;
		};
		45AFDD821E785C5C003D0618 /* Debug */ = {
			isa = XCBuildConfiguration;
			buildSettings = {
				ALWAYS_EMBED_SWIFT_STANDARD_LIBRARIES = YES;
				BUNDLE_LOADER = "$(TEST_HOST)";
				CLANG_ENABLE_MODULES = YES;
				"CODE_SIGN_IDENTITY[sdk=iphoneos*]" = "iPhone Developer";
				CODE_SIGN_STYLE = Manual;
				DEVELOPMENT_TEAM = 5K9KB5PRFV;
				INFOPLIST_FILE = "Metadata/Info-Tests.plist";
				LD_RUNPATH_SEARCH_PATHS = "$(inherited) @executable_path/Frameworks @loader_path/Frameworks";
				PRODUCT_BUNDLE_IDENTIFIER = com.sorenmortensen.SymondsStudentAppTests;
				PRODUCT_NAME = "$(TARGET_NAME)";
				PROVISIONING_PROFILE_SPECIFIER = "";
				SWIFT_OPTIMIZATION_LEVEL = "-Onone";
				SWIFT_VERSION = 4.0;
				TEST_HOST = "$(BUILT_PRODUCTS_DIR)/SymondsStudentApp.app/SymondsStudentApp";
			};
			name = Debug;
		};
		45AFDD831E785C5C003D0618 /* Release */ = {
			isa = XCBuildConfiguration;
			buildSettings = {
				ALWAYS_EMBED_SWIFT_STANDARD_LIBRARIES = YES;
				BUNDLE_LOADER = "$(TEST_HOST)";
				CLANG_ENABLE_MODULES = YES;
				"CODE_SIGN_IDENTITY[sdk=iphoneos*]" = "iPhone Distribution";
				CODE_SIGN_STYLE = Manual;
				DEVELOPMENT_TEAM = 5K9KB5PRFV;
				INFOPLIST_FILE = "Metadata/Info-Tests.plist";
				LD_RUNPATH_SEARCH_PATHS = "$(inherited) @executable_path/Frameworks @loader_path/Frameworks";
				PRODUCT_BUNDLE_IDENTIFIER = com.sorenmortensen.SymondsStudentAppTests;
				PRODUCT_NAME = "$(TARGET_NAME)";
				PROVISIONING_PROFILE_SPECIFIER = "";
				SWIFT_VERSION = 4.0;
				TEST_HOST = "$(BUILT_PRODUCTS_DIR)/SymondsStudentApp.app/SymondsStudentApp";
			};
			name = Release;
		};
		45AFDD851E785C5C003D0618 /* Debug */ = {
			isa = XCBuildConfiguration;
			buildSettings = {
				ALWAYS_EMBED_SWIFT_STANDARD_LIBRARIES = YES;
				CLANG_ENABLE_MODULES = YES;
				"CODE_SIGN_IDENTITY[sdk=iphoneos*]" = "iPhone Developer";
				CODE_SIGN_STYLE = Manual;
				DEVELOPMENT_TEAM = 5K9KB5PRFV;
				INFOPLIST_FILE = "Metadata/Info-UITests.plist";
				LD_RUNPATH_SEARCH_PATHS = "$(inherited) @executable_path/Frameworks @loader_path/Frameworks";
				PRODUCT_BUNDLE_IDENTIFIER = com.sorenmortensen.SymondsStudentAppUITests;
				PRODUCT_NAME = "$(TARGET_NAME)";
				PROVISIONING_PROFILE = "338523e3-aaf4-42ef-8b94-7c5d95efa62f";
				PROVISIONING_PROFILE_SPECIFIER = "match Development com.sorenmortensen.SymondsStudentAppUITests";
				SWIFT_OPTIMIZATION_LEVEL = "-Onone";
				SWIFT_VERSION = 4.0;
				TEST_TARGET_NAME = SymondsStudentApp;
			};
			name = Debug;
		};
		45AFDD861E785C5C003D0618 /* Release */ = {
			isa = XCBuildConfiguration;
			buildSettings = {
				ALWAYS_EMBED_SWIFT_STANDARD_LIBRARIES = YES;
				CLANG_ENABLE_MODULES = YES;
				"CODE_SIGN_IDENTITY[sdk=iphoneos*]" = "iPhone Developer";
				CODE_SIGN_STYLE = Manual;
				DEVELOPMENT_TEAM = 5K9KB5PRFV;
				INFOPLIST_FILE = "Metadata/Info-UITests.plist";
				LD_RUNPATH_SEARCH_PATHS = "$(inherited) @executable_path/Frameworks @loader_path/Frameworks";
				PRODUCT_BUNDLE_IDENTIFIER = com.sorenmortensen.SymondsStudentAppUITests;
				PRODUCT_NAME = "$(TARGET_NAME)";
				PROVISIONING_PROFILE = "338523e3-aaf4-42ef-8b94-7c5d95efa62f";
				PROVISIONING_PROFILE_SPECIFIER = "match Development com.sorenmortensen.SymondsStudentAppUITests";
				SWIFT_VERSION = 4.0;
				TEST_TARGET_NAME = SymondsStudentApp;
			};
			name = Release;
		};
/* End XCBuildConfiguration section */

/* Begin XCConfigurationList section */
		4517CC371FEC471E00619A3D /* Build configuration list for PBXNativeTarget "SSACore" */ = {
			isa = XCConfigurationList;
			buildConfigurations = (
				4517CC331FEC471E00619A3D /* Debug */,
				4517CC341FEC471E00619A3D /* Release */,
			);
			defaultConfigurationIsVisible = 0;
			defaultConfigurationName = Release;
		};
		4517CC391FEC471E00619A3D /* Build configuration list for PBXNativeTarget "SSACoreTests" */ = {
			isa = XCConfigurationList;
			buildConfigurations = (
				4517CC351FEC471E00619A3D /* Debug */,
				4517CC361FEC471E00619A3D /* Release */,
			);
			defaultConfigurationIsVisible = 0;
			defaultConfigurationName = Release;
		};
		455E940B1FCA11E300D3D046 /* Build configuration list for PBXNativeTarget "TimetableTodayExtension" */ = {
			isa = XCConfigurationList;
			buildConfigurations = (
				455E940C1FCA11E300D3D046 /* Debug */,
				455E940D1FCA11E300D3D046 /* Release */,
			);
			defaultConfigurationIsVisible = 0;
			defaultConfigurationName = Release;
		};
		455E94291FCA16F200D3D046 /* Build configuration list for PBXNativeTarget "FreeRoomsTodayExtension" */ = {
			isa = XCConfigurationList;
			buildConfigurations = (
				455E942A1FCA16F200D3D046 /* Debug */,
				455E942B1FCA16F200D3D046 /* Release */,
			);
			defaultConfigurationIsVisible = 0;
			defaultConfigurationName = Release;
		};
		458D38171FE846C900797D97 /* Build configuration list for PBXNativeTarget "WatchExtension" */ = {
			isa = XCConfigurationList;
			buildConfigurations = (
				458D38151FE846C900797D97 /* Debug */,
				458D38161FE846C900797D97 /* Release */,
			);
			defaultConfigurationIsVisible = 0;
			defaultConfigurationName = Release;
		};
		458D38191FE846C900797D97 /* Build configuration list for PBXNativeTarget "WatchApp" */ = {
			isa = XCConfigurationList;
			buildConfigurations = (
				458D38131FE846C900797D97 /* Debug */,
				458D38141FE846C900797D97 /* Release */,
			);
			defaultConfigurationIsVisible = 0;
			defaultConfigurationName = Release;
		};
		45AFDD511E785C5C003D0618 /* Build configuration list for PBXProject "SymondsStudentApp" */ = {
			isa = XCConfigurationList;
			buildConfigurations = (
				45AFDD7C1E785C5C003D0618 /* Debug */,
				45AFDD7D1E785C5C003D0618 /* Release */,
			);
			defaultConfigurationIsVisible = 0;
			defaultConfigurationName = Release;
		};
		45AFDD7E1E785C5C003D0618 /* Build configuration list for PBXNativeTarget "SymondsStudentApp" */ = {
			isa = XCConfigurationList;
			buildConfigurations = (
				45AFDD7F1E785C5C003D0618 /* Debug */,
				45AFDD801E785C5C003D0618 /* Release */,
			);
			defaultConfigurationIsVisible = 0;
			defaultConfigurationName = Release;
		};
		45AFDD811E785C5C003D0618 /* Build configuration list for PBXNativeTarget "SymondsStudentAppTests" */ = {
			isa = XCConfigurationList;
			buildConfigurations = (
				45AFDD821E785C5C003D0618 /* Debug */,
				45AFDD831E785C5C003D0618 /* Release */,
			);
			defaultConfigurationIsVisible = 0;
			defaultConfigurationName = Release;
		};
		45AFDD841E785C5C003D0618 /* Build configuration list for PBXNativeTarget "SymondsStudentAppUITests" */ = {
			isa = XCConfigurationList;
			buildConfigurations = (
				45AFDD851E785C5C003D0618 /* Debug */,
				45AFDD861E785C5C003D0618 /* Release */,
			);
			defaultConfigurationIsVisible = 0;
			defaultConfigurationName = Release;
		};
/* End XCConfigurationList section */
	};
	rootObject = 45AFDD4E1E785C5C003D0618 /* Project object */;
}
